// !$*UTF8*$!
{
	archiveVersion = 1;
	classes = {
	};
	objectVersion = 70;
	objects = {

/* Begin PBXBuildFile section */
		520D973A2ABA8D17004B9014 /* NetzViewController.swift in Sources */ = {isa = PBXBuildFile; fileRef = 520D97392ABA8D17004B9014 /* NetzViewController.swift */; };
		52119EE32A7F954800661D63 /* SwiftSoup in Frameworks */ = {isa = PBXBuildFile; productRef = 52119EE22A7F954800661D63 /* SwiftSoup */; };
		522122202A844A9000942C23 /* ChaiTables.swift in Sources */ = {isa = PBXBuildFile; fileRef = 5221221F2A844A9000942C23 /* ChaiTables.swift */; };
		52237D322A8C9B1400497D9E /* SimpleSetupViewController.swift in Sources */ = {isa = PBXBuildFile; fileRef = 52237D312A8C9B1400497D9E /* SimpleSetupViewController.swift */; };
		52237D342A8C9BC800497D9E /* AdvancedSetupViewController.swift in Sources */ = {isa = PBXBuildFile; fileRef = 52237D332A8C9BC800497D9E /* AdvancedSetupViewController.swift */; };
		524A18362A80D38E00ACCBF8 /* ChaiTablesScraper.swift in Sources */ = {isa = PBXBuildFile; fileRef = 524A18352A80D38E00ACCBF8 /* ChaiTablesScraper.swift */; };
		525950942A9B3AE500872955 /* WidgetKit.framework in Frameworks */ = {isa = PBXBuildFile; fileRef = 525950932A9B3AE500872955 /* WidgetKit.framework */; };
		525950962A9B3AE500872955 /* SwiftUI.framework in Frameworks */ = {isa = PBXBuildFile; fileRef = 525950952A9B3AE500872955 /* SwiftUI.framework */; };
		525950992A9B3AE500872955 /* Rabbi_Ovadiah_Yosef_Calendar_WidgetBundle.swift in Sources */ = {isa = PBXBuildFile; fileRef = 525950982A9B3AE500872955 /* Rabbi_Ovadiah_Yosef_Calendar_WidgetBundle.swift */; };
		5259509B2A9B3AE500872955 /* Rabbi_Ovadiah_Yosef_Calendar_WidgetLiveActivity.swift in Sources */ = {isa = PBXBuildFile; fileRef = 5259509A2A9B3AE500872955 /* Rabbi_Ovadiah_Yosef_Calendar_WidgetLiveActivity.swift */; };
		5259509D2A9B3AE500872955 /* Rabbi_Ovadiah_Yosef_Calendar_Widget.swift in Sources */ = {isa = PBXBuildFile; fileRef = 5259509C2A9B3AE500872955 /* Rabbi_Ovadiah_Yosef_Calendar_Widget.swift */; };
		525950A02A9B3AE700872955 /* Assets.xcassets in Resources */ = {isa = PBXBuildFile; fileRef = 5259509F2A9B3AE700872955 /* Assets.xcassets */; };
		525950A62A9B3AE700872955 /* Rabbi Ovadiah Yosef Calendar WidgetExtension.appex in Embed Foundation Extensions */ = {isa = PBXBuildFile; fileRef = 525950922A9B3AE500872955 /* Rabbi Ovadiah Yosef Calendar WidgetExtension.appex */; settings = {ATTRIBUTES = (RemoveHeadersOnCopy, ); }; };
		5292D1B82A6E537E00857241 /* ChaiTablesCountries.swift in Sources */ = {isa = PBXBuildFile; fileRef = 5292D1B72A6E537E00857241 /* ChaiTablesCountries.swift */; };
		5292D1BA2A6E556400857241 /* ChaiTablesLinkGenerator.swift in Sources */ = {isa = PBXBuildFile; fileRef = 5292D1B92A6E556400857241 /* ChaiTablesLinkGenerator.swift */; };
		52A2A8B62A8B4CF500E2A463 /* SetupChooserViewController.swift in Sources */ = {isa = PBXBuildFile; fileRef = 52A2A8B52A8B4CF500E2A463 /* SetupChooserViewController.swift */; };
		5D0D7DB129A8AA3B003B6E43 /* ZmanListEntry.swift in Sources */ = {isa = PBXBuildFile; fileRef = 5D0D7DB029A8AA3B003B6E43 /* ZmanListEntry.swift */; };
		5D19D36129A3687900F8033D /* AppDelegate.swift in Sources */ = {isa = PBXBuildFile; fileRef = 5D19D36029A3687900F8033D /* AppDelegate.swift */; };
		5D19D36329A3687900F8033D /* SceneDelegate.swift in Sources */ = {isa = PBXBuildFile; fileRef = 5D19D36229A3687900F8033D /* SceneDelegate.swift */; };
		5D19D36529A3687900F8033D /* ZmanListViewController.swift in Sources */ = {isa = PBXBuildFile; fileRef = 5D19D36429A3687900F8033D /* ZmanListViewController.swift */; };
		5D19D36829A3687900F8033D /* Main.storyboard in Resources */ = {isa = PBXBuildFile; fileRef = 5D19D36629A3687900F8033D /* Main.storyboard */; };
		5D19D36A29A3687B00F8033D /* Assets.xcassets in Resources */ = {isa = PBXBuildFile; fileRef = 5D19D36929A3687B00F8033D /* Assets.xcassets */; };
		5D19D36D29A3687B00F8033D /* LaunchScreen.storyboard in Resources */ = {isa = PBXBuildFile; fileRef = 5D19D36B29A3687B00F8033D /* LaunchScreen.storyboard */; };
		5D19D37D29A36DB300F8033D /* Constants.swift in Sources */ = {isa = PBXBuildFile; fileRef = 5D19D37429A36DB200F8033D /* Constants.swift */; };
		5D19D37E29A36DB300F8033D /* LSGeoLookup.swift in Sources */ = {isa = PBXBuildFile; fileRef = 5D19D37629A36DB200F8033D /* LSGeoLookup.swift */; };
		5D19D38129A36DB300F8033D /* LocationManager.swift in Sources */ = {isa = PBXBuildFile; fileRef = 5D19D37A29A36DB300F8033D /* LocationManager.swift */; };
		5D1CA12E2A021CA100F24323 /* Notifications.swift in Sources */ = {isa = PBXBuildFile; fileRef = 5D1CA12D2A021CA100F24323 /* Notifications.swift */; };
		5D226EFD29D3B1E500D45E34 /* ZmanimTimeNames.swift in Sources */ = {isa = PBXBuildFile; fileRef = 5D226EFC29D3B1E500D45E34 /* ZmanimTimeNames.swift */; };
		5D7550A329E3776700894335 /* ElevationViewController.swift in Sources */ = {isa = PBXBuildFile; fileRef = 5D7550A229E3776700894335 /* ElevationViewController.swift */; };
		5D7550A529EBC58200894335 /* MarqueeLabel.swift in Sources */ = {isa = PBXBuildFile; fileRef = 5D7550A429EBC58200894335 /* MarqueeLabel.swift */; };
		5D7550A929EF8B5800894335 /* InIsraelViewController.swift in Sources */ = {isa = PBXBuildFile; fileRef = 5D7550A829EF8B5800894335 /* InIsraelViewController.swift */; };
		5D7550AC29EF94C300894335 /* ZmanimLanguageViewController.swift in Sources */ = {isa = PBXBuildFile; fileRef = 5D7550AB29EF94C300894335 /* ZmanimLanguageViewController.swift */; };
		5D7550B129F2761300894335 /* MoladViewController.swift in Sources */ = {isa = PBXBuildFile; fileRef = 5D7550B029F2761300894335 /* MoladViewController.swift */; };
		5D7550B429F8FE6100894335 /* SettingsViewController.swift in Sources */ = {isa = PBXBuildFile; fileRef = 5D7550B329F8FE6100894335 /* SettingsViewController.swift */; };
		5D7550B829FC555200894335 /* ZmanimSettingsViewController.swift in Sources */ = {isa = PBXBuildFile; fileRef = 5D7550B729FC555200894335 /* ZmanimSettingsViewController.swift */; };
		5D7550BA29FC586100894335 /* ZmanimNotificationsSettingsViewController.swift in Sources */ = {isa = PBXBuildFile; fileRef = 5D7550B929FC586100894335 /* ZmanimNotificationsSettingsViewController.swift */; };
		5D7550BC29FE3B9400894335 /* ZmanimAlertInfoHolder.swift in Sources */ = {isa = PBXBuildFile; fileRef = 5D7550BB29FE3B9400894335 /* ZmanimAlertInfoHolder.swift */; };
		5D948C312A38205E0017A8B6 /* TipScreenViewController.swift in Sources */ = {isa = PBXBuildFile; fileRef = 5D948C302A38205E0017A8B6 /* TipScreenViewController.swift */; };
		CE09D55C2EC1469000CF2F2D /* spectral_bold.ttf in Resources */ = {isa = PBXBuildFile; fileRef = CE09D55B2EC1469000CF2F2D /* spectral_bold.ttf */; };
		CE0CE7D62B4B6ABF00913F40 /* Notifications.swift in Sources */ = {isa = PBXBuildFile; fileRef = 5D1CA12D2A021CA100F24323 /* Notifications.swift */; };
		CE0CE7D72B4B6AC000913F40 /* Notifications.swift in Sources */ = {isa = PBXBuildFile; fileRef = 5D1CA12D2A021CA100F24323 /* Notifications.swift */; };
		CE0CEBF42B07085100BFD068 /* ContentView.swift in Sources */ = {isa = PBXBuildFile; fileRef = CE0CEBF32B07085100BFD068 /* ContentView.swift */; };
		CE1035492B4553F600193D1E /* ZmanListEntry.swift in Sources */ = {isa = PBXBuildFile; fileRef = 5D0D7DB029A8AA3B003B6E43 /* ZmanListEntry.swift */; };
		CE10354A2B4553F600193D1E /* ZmanListEntry.swift in Sources */ = {isa = PBXBuildFile; fileRef = 5D0D7DB029A8AA3B003B6E43 /* ZmanListEntry.swift */; };
		CE10354B2B45545400193D1E /* ChaiTables.swift in Sources */ = {isa = PBXBuildFile; fileRef = 5221221F2A844A9000942C23 /* ChaiTables.swift */; };
		CE10354C2B45545500193D1E /* ChaiTables.swift in Sources */ = {isa = PBXBuildFile; fileRef = 5221221F2A844A9000942C23 /* ChaiTables.swift */; };
		CE10354D2B45547900193D1E /* LSGeoLookup.swift in Sources */ = {isa = PBXBuildFile; fileRef = 5D19D37629A36DB200F8033D /* LSGeoLookup.swift */; };
		CE10354E2B45547900193D1E /* LSGeoLookup.swift in Sources */ = {isa = PBXBuildFile; fileRef = 5D19D37629A36DB200F8033D /* LSGeoLookup.swift */; };
		CE10354F2B45548B00193D1E /* Constants.swift in Sources */ = {isa = PBXBuildFile; fileRef = 5D19D37429A36DB200F8033D /* Constants.swift */; };
		CE1035502B45548B00193D1E /* Constants.swift in Sources */ = {isa = PBXBuildFile; fileRef = 5D19D37429A36DB200F8033D /* Constants.swift */; };
		CE1035512B4554AC00193D1E /* ZmanimTimeNames.swift in Sources */ = {isa = PBXBuildFile; fileRef = 5D226EFC29D3B1E500D45E34 /* ZmanimTimeNames.swift */; };
		CE1035522B4554AC00193D1E /* ZmanimTimeNames.swift in Sources */ = {isa = PBXBuildFile; fileRef = 5D226EFC29D3B1E500D45E34 /* ZmanimTimeNames.swift */; };
		CE1035532B4554F600193D1E /* LocationManager.swift in Sources */ = {isa = PBXBuildFile; fileRef = 5D19D37A29A36DB300F8033D /* LocationManager.swift */; };
		CE1035542B4554F700193D1E /* LocationManager.swift in Sources */ = {isa = PBXBuildFile; fileRef = 5D19D37A29A36DB300F8033D /* LocationManager.swift */; };
		CE14479F2BE99A3E00AA52C9 /* OmerViewController.swift in Sources */ = {isa = PBXBuildFile; fileRef = CE14479E2BE99A3E00AA52C9 /* OmerViewController.swift */; };
		CE1447A12BE9C38F00AA52C9 /* JerusalemDirectionViewController.swift in Sources */ = {isa = PBXBuildFile; fileRef = CE1447A02BE9C38F00AA52C9 /* JerusalemDirectionViewController.swift */; };
		CE17DDCF2C9A8AF100CB9AA5 /* LimudimViewController.swift in Sources */ = {isa = PBXBuildFile; fileRef = CE17DDCE2C9A8AF100CB9AA5 /* LimudimViewController.swift */; };
		CE1A90632C9AAB1000FAE6FF /* TabBarViewController.swift in Sources */ = {isa = PBXBuildFile; fileRef = CE1A90622C9AAB1000FAE6FF /* TabBarViewController.swift */; };
		CE1EB97A2CAA2E3900936F3A /* SunCalc in Frameworks */ = {isa = PBXBuildFile; productRef = CE1EB9792CAA2E3900936F3A /* SunCalc */; };
		CE2B0B752AC54BC700F07CCD /* SiddurViewController.swift in Sources */ = {isa = PBXBuildFile; fileRef = CE2B0B742AC54BBD00F07CCD /* SiddurViewController.swift */; };
		CE32442D2B3BE66F00EEF29C /* Extensions.swift in Sources */ = {isa = PBXBuildFile; fileRef = CE32442C2B3BE66F00EEF29C /* Extensions.swift */; };
		CE32442E2B3BE66F00EEF29C /* Extensions.swift in Sources */ = {isa = PBXBuildFile; fileRef = CE32442C2B3BE66F00EEF29C /* Extensions.swift */; };
		CE32442F2B3BE66F00EEF29C /* Extensions.swift in Sources */ = {isa = PBXBuildFile; fileRef = CE32442C2B3BE66F00EEF29C /* Extensions.swift */; };
		CE341C3F2BA0255C00E8F4CB /* LocationManagerForNotifications.swift in Sources */ = {isa = PBXBuildFile; fileRef = CE341C3E2BA0255C00E8F4CB /* LocationManagerForNotifications.swift */; };
		CE341C402BA025AE00E8F4CB /* LocationManagerForNotifications.swift in Sources */ = {isa = PBXBuildFile; fileRef = CE341C3E2BA0255C00E8F4CB /* LocationManagerForNotifications.swift */; };
		CE341C412BA025EF00E8F4CB /* LocationManagerForNotifications.swift in Sources */ = {isa = PBXBuildFile; fileRef = CE341C3E2BA0255C00E8F4CB /* LocationManagerForNotifications.swift */; };
		CE3A504A2BF2FFCF00CD1DD2 /* SnackBar in Frameworks */ = {isa = PBXBuildFile; productRef = CE3A50492BF2FFCF00CD1DD2 /* SnackBar */; };
		CE3C5B422DA4E684003AD67D /* SwiftUISnackbar in Frameworks */ = {isa = PBXBuildFile; productRef = CE3C5B412DA4E684003AD67D /* SwiftUISnackbar */; };
		CE3C5B442DA4F6B7003AD67D /* NisanLimudYomi.swift in Sources */ = {isa = PBXBuildFile; fileRef = CE3C5B432DA4F6B7003AD67D /* NisanLimudYomi.swift */; };
		CE42BF032ED01D7400EBE921 /* SwiftUIScrollOffset in Frameworks */ = {isa = PBXBuildFile; productRef = CE42BF022ED01D7400EBE921 /* SwiftUIScrollOffset */; };
		CE44BC622B5DF3C60091501E /* WeeklyParashaReadings.swift in Sources */ = {isa = PBXBuildFile; fileRef = CE44BC612B5DF3C60091501E /* WeeklyParashaReadings.swift */; };
		CE4C6D772C0E50B40013A8EC /* WeeklyHaftorahReading.swift in Sources */ = {isa = PBXBuildFile; fileRef = CE4C6D762C0E50B40013A8EC /* WeeklyHaftorahReading.swift */; };
		CE4C6D782C0E50B40013A8EC /* WeeklyHaftorahReading.swift in Sources */ = {isa = PBXBuildFile; fileRef = CE4C6D762C0E50B40013A8EC /* WeeklyHaftorahReading.swift */; };
		CE4C6D792C0E50B40013A8EC /* WeeklyHaftorahReading.swift in Sources */ = {isa = PBXBuildFile; fileRef = CE4C6D762C0E50B40013A8EC /* WeeklyHaftorahReading.swift */; };
		CE4E66042C6496F800E39907 /* GradientButton.swift in Sources */ = {isa = PBXBuildFile; fileRef = CE4E66032C6496F800E39907 /* GradientButton.swift */; };
		CE51012B2EC32E98002FCA5E /* Guttman Mantova.ttf in Resources */ = {isa = PBXBuildFile; fileRef = CE51012A2EC32E98002FCA5E /* Guttman Mantova.ttf */; };
		CE6309552B3BB5040020939B /* SwiftyJSON in Frameworks */ = {isa = PBXBuildFile; productRef = CE6309542B3BB5040020939B /* SwiftyJSON */; };
		CE67C04F2AC3E7B200C8168A /* SiddurMaker.swift in Sources */ = {isa = PBXBuildFile; fileRef = CE67C04E2AC3E7B200C8168A /* SiddurMaker.swift */; };
		CE6C5FC02D5358B400D1A1F5 /* upcomingZmanim.swift in Sources */ = {isa = PBXBuildFile; fileRef = CE6C5FA72D53463900D1A1F5 /* upcomingZmanim.swift */; };
		CE6F524A2DC9653200D3296A /* Guttman Mantova.ttf in Resources */ = {isa = PBXBuildFile; fileRef = CE6F52492DC9653200D3296A /* Guttman Mantova.ttf */; };
		CE6F52532DC9A88700D3296A /* FrameUp in Frameworks */ = {isa = PBXBuildFile; productRef = CE6F52522DC9A88700D3296A /* FrameUp */; };
		CE6F52552DC9A9E500D3296A /* JustifiedText.swift in Sources */ = {isa = PBXBuildFile; fileRef = CE6F52542DC9A9E500D3296A /* JustifiedText.swift */; };
		CE6F52572DC9C88600D3296A /* Taamey D.ttf in Resources */ = {isa = PBXBuildFile; fileRef = CE6F52562DC9C88600D3296A /* Taamey D.ttf */; };
		CE6F52592DC9E52900D3296A /* HighlightString.swift in Sources */ = {isa = PBXBuildFile; fileRef = CE6F52582DC9E52900D3296A /* HighlightString.swift */; };
		CE6F525A2DC9E52900D3296A /* HighlightString.swift in Sources */ = {isa = PBXBuildFile; fileRef = CE6F52582DC9E52900D3296A /* HighlightString.swift */; };
		CE6F525B2DC9E52900D3296A /* HighlightString.swift in Sources */ = {isa = PBXBuildFile; fileRef = CE6F52582DC9E52900D3296A /* HighlightString.swift */; };
		CE7D2B5B2BC37A25006FD03B /* PrivacyInfo.xcprivacy in Resources */ = {isa = PBXBuildFile; fileRef = CE7D2B5A2BC37A25006FD03B /* PrivacyInfo.xcprivacy */; };
		CE7D2B5C2BC37A25006FD03B /* PrivacyInfo.xcprivacy in Resources */ = {isa = PBXBuildFile; fileRef = CE7D2B5A2BC37A25006FD03B /* PrivacyInfo.xcprivacy */; };
		CE7D2B5D2BC37A25006FD03B /* PrivacyInfo.xcprivacy in Resources */ = {isa = PBXBuildFile; fileRef = CE7D2B5A2BC37A25006FD03B /* PrivacyInfo.xcprivacy */; };
		CE7E2BC02C07E4F50080D898 /* checkVersion-iOS.swift in Sources */ = {isa = PBXBuildFile; fileRef = CE7E2BBF2C07E4F50080D898 /* checkVersion-iOS.swift */; };
		CE7EEB5C2CAA641500FFCD0A /* KosherSwift in Frameworks */ = {isa = PBXBuildFile; productRef = CE7EEB5B2CAA641500FFCD0A /* KosherSwift */; };
		CE7EEB5E2CAA642000FFCD0A /* KosherSwift in Frameworks */ = {isa = PBXBuildFile; productRef = CE7EEB5D2CAA642000FFCD0A /* KosherSwift */; };
		CE7EEB602CAA642C00FFCD0A /* KosherSwift in Frameworks */ = {isa = PBXBuildFile; productRef = CE7EEB5F2CAA642C00FFCD0A /* KosherSwift */; };
		CE8BEC5F2AC53FB500DEA411 /* SiddurChooserViewController.swift in Sources */ = {isa = PBXBuildFile; fileRef = CE8BEC5E2AC53FB500DEA411 /* SiddurChooserViewController.swift */; };
		CE8FB5D72DE2EF8D00C6B6CA /* hiloulah_en.json in Resources */ = {isa = PBXBuildFile; fileRef = CE8FB5D62DE2EF8D00C6B6CA /* hiloulah_en.json */; };
		CE9641B52B71A46800BA7BC7 /* Localizable.xcstrings in Resources */ = {isa = PBXBuildFile; fileRef = CE9641B42B71A46800BA7BC7 /* Localizable.xcstrings */; };
		CE9641B62B71A46800BA7BC7 /* Localizable.xcstrings in Resources */ = {isa = PBXBuildFile; fileRef = CE9641B42B71A46800BA7BC7 /* Localizable.xcstrings */; };
		CE9641B72B71A46800BA7BC7 /* Localizable.xcstrings in Resources */ = {isa = PBXBuildFile; fileRef = CE9641B42B71A46800BA7BC7 /* Localizable.xcstrings */; };
		CE9641B92B71A73F00BA7BC7 /* InfoPlist.xcstrings in Resources */ = {isa = PBXBuildFile; fileRef = CE9641B82B71A73F00BA7BC7 /* InfoPlist.xcstrings */; };
		CE9641BA2B71A73F00BA7BC7 /* InfoPlist.xcstrings in Resources */ = {isa = PBXBuildFile; fileRef = CE9641B82B71A73F00BA7BC7 /* InfoPlist.xcstrings */; };
		CE9641BB2B71A73F00BA7BC7 /* InfoPlist.xcstrings in Resources */ = {isa = PBXBuildFile; fileRef = CE9641B82B71A73F00BA7BC7 /* InfoPlist.xcstrings */; };
		CE9687E72E62332200A03C8D /* Guttman Keren.ttf in Resources */ = {isa = PBXBuildFile; fileRef = CE9687E62E62332200A03C8D /* Guttman Keren.ttf */; };
		CE96B07E2DE663CF00BBC00C /* hiloulah_he.json in Resources */ = {isa = PBXBuildFile; fileRef = CE96B07D2DE663CF00BBC00C /* hiloulah_he.json */; };
		CE97D7C32D4C95FF00C019AA /* ZmanimFactory.swift in Sources */ = {isa = PBXBuildFile; fileRef = CE97D7C22D4C95FF00C019AA /* ZmanimFactory.swift */; };
		CE97D7C42D4C95FF00C019AA /* ZmanimFactory.swift in Sources */ = {isa = PBXBuildFile; fileRef = CE97D7C22D4C95FF00C019AA /* ZmanimFactory.swift */; };
		CE97D7C52D4C95FF00C019AA /* ZmanimFactory.swift in Sources */ = {isa = PBXBuildFile; fileRef = CE97D7C22D4C95FF00C019AA /* ZmanimFactory.swift */; };
		CE97D7C72D4CAB7000C019AA /* SunCalc in Frameworks */ = {isa = PBXBuildFile; productRef = CE97D7C62D4CAB7000C019AA /* SunCalc */; };
		CEB143372DDEFAD600AFA75E /* GlobalStruct.swift in Sources */ = {isa = PBXBuildFile; fileRef = CEB143362DDEFACF00AFA75E /* GlobalStruct.swift */; };
		CEB1BBA82B26A30300E58773 /* WatchInterface.swift in Sources */ = {isa = PBXBuildFile; fileRef = CEB1BBA72B26A30300E58773 /* WatchInterface.swift */; };
		CEB21E3A2B7B37FE0081C142 /* Rabbi_Ovadiah_Yosef_Calendar_Widget.intentdefinition in Sources */ = {isa = PBXBuildFile; fileRef = CEB21E3D2B7B37FE0081C142 /* Rabbi_Ovadiah_Yosef_Calendar_Widget.intentdefinition */; };
		CEB21E3B2B7B37FE0081C142 /* Rabbi_Ovadiah_Yosef_Calendar_Widget.intentdefinition in Sources */ = {isa = PBXBuildFile; fileRef = CEB21E3D2B7B37FE0081C142 /* Rabbi_Ovadiah_Yosef_Calendar_Widget.intentdefinition */; };
		CEB8606C2EC57B9A0081A734 /* upcomingShabbatZmanim.swift in Sources */ = {isa = PBXBuildFile; fileRef = CEB8606B2EC57B9A0081A734 /* upcomingShabbatZmanim.swift */; };
		CEB8606D2EC57B9A0081A734 /* upcomingShabbatZmanim.swift in Sources */ = {isa = PBXBuildFile; fileRef = CEB8606B2EC57B9A0081A734 /* upcomingShabbatZmanim.swift */; };
		CEB8606F2EC58E6E0081A734 /* NEUTRO-BOLD.TTF in Resources */ = {isa = PBXBuildFile; fileRef = CEB8606E2EC58E6E0081A734 /* NEUTRO-BOLD.TTF */; };
		CEB980DA2D5F1A68003D96F4 /* WCSessionManager.swift in Sources */ = {isa = PBXBuildFile; fileRef = CEB980D92D5F1A68003D96F4 /* WCSessionManager.swift */; };
		CEBC70E92D222FB800468477 /* menora.svg in Resources */ = {isa = PBXBuildFile; fileRef = CEBC70E82D222FB800468477 /* menora.svg */; };
		CEBC70EB2D22367200468477 /* menora-shadow.svg in Resources */ = {isa = PBXBuildFile; fileRef = CEBC70EA2D22367200468477 /* menora-shadow.svg */; };
		CEBC70ED2D22590000468477 /* compass.png in Resources */ = {isa = PBXBuildFile; fileRef = CEBC70EC2D22590000468477 /* compass.png */; };
		CEC7611C2D531B4E00FD0AF1 /* explanation.mp4 in Resources */ = {isa = PBXBuildFile; fileRef = CEC7611B2D531B4E00FD0AF1 /* explanation.mp4 */; };
		CED163592B07031800E05876 /* Rabbi_Ovadiah_Yosef_Calendar_watchOSApp.swift in Sources */ = {isa = PBXBuildFile; fileRef = CED163582B07031800E05876 /* Rabbi_Ovadiah_Yosef_Calendar_watchOSApp.swift */; };
		CED1635D2B07031800E05876 /* Assets.xcassets in Resources */ = {isa = PBXBuildFile; fileRef = CED1635C2B07031800E05876 /* Assets.xcassets */; };
		CED163602B07031800E05876 /* Preview Assets.xcassets in Resources */ = {isa = PBXBuildFile; fileRef = CED1635F2B07031800E05876 /* Preview Assets.xcassets */; };
		CED163632B07031800E05876 /* Rabbi Ovadiah Yosef Calendar watchOS Watch App.app in Embed Watch Content */ = {isa = PBXBuildFile; fileRef = CED163562B07031700E05876 /* Rabbi Ovadiah Yosef Calendar watchOS Watch App.app */; settings = {ATTRIBUTES = (RemoveHeadersOnCopy, ); }; };
		CEE5D6E42CA679EF00E9C9C8 /* MishnaYomi.swift in Sources */ = {isa = PBXBuildFile; fileRef = CEE5D6E32CA679EF00E9C9C8 /* MishnaYomi.swift */; };
		CEE5D6E62CA68B0000E9C9C8 /* ChafetzChayimYomi.swift in Sources */ = {isa = PBXBuildFile; fileRef = CEE5D6E52CA68B0000E9C9C8 /* ChafetzChayimYomi.swift */; };
		CEEA0DCA2D51BD9B0051CB6C /* WelcomeScreenViewController.swift in Sources */ = {isa = PBXBuildFile; fileRef = CEEA0DC92D51BD9B0051CB6C /* WelcomeScreenViewController.swift */; };
		CEEF36CF2E714D7E002D9436 /* Makam.json in Resources */ = {isa = PBXBuildFile; fileRef = CEEF36CE2E714D74002D9436 /* Makam.json */; };
		CEEF36D32E714DE2002D9436 /* MakamJCal.swift in Sources */ = {isa = PBXBuildFile; fileRef = CEEF36D22E714DE2002D9436 /* MakamJCal.swift */; };
		CEEF36D52E714FC1002D9436 /* Makam_he.json in Resources */ = {isa = PBXBuildFile; fileRef = CEEF36D42E714FC1002D9436 /* Makam_he.json */; };
		CEEF998B2BF0A8FF00D26EF3 /* GetUserLocationViewController.swift in Sources */ = {isa = PBXBuildFile; fileRef = CEEF998A2BF0A8FF00D26EF3 /* GetUserLocationViewController.swift */; };
		CEFCE4002C62C97E00609B9D /* NumberToHebrew.swift in Sources */ = {isa = PBXBuildFile; fileRef = CEFCE3FF2C62C97E00609B9D /* NumberToHebrew.swift */; };
/* End PBXBuildFile section */

/* Begin PBXContainerItemProxy section */
		525950A42A9B3AE700872955 /* PBXContainerItemProxy */ = {
			isa = PBXContainerItemProxy;
			containerPortal = 5D19D35529A3687900F8033D /* Project object */;
			proxyType = 1;
			remoteGlobalIDString = 525950912A9B3AE500872955;
			remoteInfo = "Rabbi Ovadiah Yosef Calendar WidgetExtension";
		};
		CED163612B07031800E05876 /* PBXContainerItemProxy */ = {
			isa = PBXContainerItemProxy;
			containerPortal = 5D19D35529A3687900F8033D /* Project object */;
			proxyType = 1;
			remoteGlobalIDString = CED163552B07031700E05876;
			remoteInfo = "Rabbi Ovadiah Yosef Calendar watchOS Watch App";
		};
/* End PBXContainerItemProxy section */

/* Begin PBXCopyFilesBuildPhase section */
		525950A72A9B3AE700872955 /* Embed Foundation Extensions */ = {
			isa = PBXCopyFilesBuildPhase;
			buildActionMask = 2147483647;
			dstPath = "";
			dstSubfolderSpec = 13;
			files = (
				525950A62A9B3AE700872955 /* Rabbi Ovadiah Yosef Calendar WidgetExtension.appex in Embed Foundation Extensions */,
			);
			name = "Embed Foundation Extensions";
			runOnlyForDeploymentPostprocessing = 0;
		};
		CED163642B07031800E05876 /* Embed Watch Content */ = {
			isa = PBXCopyFilesBuildPhase;
			buildActionMask = 2147483647;
			dstPath = "$(CONTENTS_FOLDER_PATH)/Watch";
			dstSubfolderSpec = 16;
			files = (
				CED163632B07031800E05876 /* Rabbi Ovadiah Yosef Calendar watchOS Watch App.app in Embed Watch Content */,
			);
			name = "Embed Watch Content";
			runOnlyForDeploymentPostprocessing = 0;
		};
/* End PBXCopyFilesBuildPhase section */

/* Begin PBXFileReference section */
		520D97392ABA8D17004B9014 /* NetzViewController.swift */ = {isa = PBXFileReference; lastKnownFileType = sourcecode.swift; path = NetzViewController.swift; sourceTree = "<group>"; };
		5221221F2A844A9000942C23 /* ChaiTables.swift */ = {isa = PBXFileReference; lastKnownFileType = sourcecode.swift; name = ChaiTables.swift; path = "Rabbi Ovadiah Yosef Calendar/ChaiTables.swift"; sourceTree = SOURCE_ROOT; };
		52237D312A8C9B1400497D9E /* SimpleSetupViewController.swift */ = {isa = PBXFileReference; lastKnownFileType = sourcecode.swift; path = SimpleSetupViewController.swift; sourceTree = "<group>"; };
		52237D332A8C9BC800497D9E /* AdvancedSetupViewController.swift */ = {isa = PBXFileReference; lastKnownFileType = sourcecode.swift; path = AdvancedSetupViewController.swift; sourceTree = "<group>"; };
		524A18352A80D38E00ACCBF8 /* ChaiTablesScraper.swift */ = {isa = PBXFileReference; lastKnownFileType = sourcecode.swift; path = ChaiTablesScraper.swift; sourceTree = "<group>"; };
		525950922A9B3AE500872955 /* Rabbi Ovadiah Yosef Calendar WidgetExtension.appex */ = {isa = PBXFileReference; explicitFileType = "wrapper.app-extension"; includeInIndex = 0; path = "Rabbi Ovadiah Yosef Calendar WidgetExtension.appex"; sourceTree = BUILT_PRODUCTS_DIR; };
		525950932A9B3AE500872955 /* WidgetKit.framework */ = {isa = PBXFileReference; lastKnownFileType = wrapper.framework; name = WidgetKit.framework; path = System/Library/Frameworks/WidgetKit.framework; sourceTree = SDKROOT; };
		525950952A9B3AE500872955 /* SwiftUI.framework */ = {isa = PBXFileReference; lastKnownFileType = wrapper.framework; name = SwiftUI.framework; path = System/Library/Frameworks/SwiftUI.framework; sourceTree = SDKROOT; };
		525950982A9B3AE500872955 /* Rabbi_Ovadiah_Yosef_Calendar_WidgetBundle.swift */ = {isa = PBXFileReference; lastKnownFileType = sourcecode.swift; path = Rabbi_Ovadiah_Yosef_Calendar_WidgetBundle.swift; sourceTree = "<group>"; };
		5259509A2A9B3AE500872955 /* Rabbi_Ovadiah_Yosef_Calendar_WidgetLiveActivity.swift */ = {isa = PBXFileReference; lastKnownFileType = sourcecode.swift; path = Rabbi_Ovadiah_Yosef_Calendar_WidgetLiveActivity.swift; sourceTree = "<group>"; };
		5259509C2A9B3AE500872955 /* Rabbi_Ovadiah_Yosef_Calendar_Widget.swift */ = {isa = PBXFileReference; lastKnownFileType = sourcecode.swift; path = Rabbi_Ovadiah_Yosef_Calendar_Widget.swift; sourceTree = "<group>"; };
		5259509F2A9B3AE700872955 /* Assets.xcassets */ = {isa = PBXFileReference; lastKnownFileType = folder.assetcatalog; path = Assets.xcassets; sourceTree = "<group>"; };
		525950A12A9B3AE700872955 /* Info.plist */ = {isa = PBXFileReference; lastKnownFileType = text.plist.xml; path = Info.plist; sourceTree = "<group>"; };
		5292D1B72A6E537E00857241 /* ChaiTablesCountries.swift */ = {isa = PBXFileReference; lastKnownFileType = sourcecode.swift; path = ChaiTablesCountries.swift; sourceTree = "<group>"; };
		5292D1B92A6E556400857241 /* ChaiTablesLinkGenerator.swift */ = {isa = PBXFileReference; lastKnownFileType = sourcecode.swift; path = ChaiTablesLinkGenerator.swift; sourceTree = "<group>"; };
		52A2A8B52A8B4CF500E2A463 /* SetupChooserViewController.swift */ = {isa = PBXFileReference; lastKnownFileType = sourcecode.swift; path = SetupChooserViewController.swift; sourceTree = "<group>"; };
		52F905B12A9F0A5A003E3C55 /* Rabbi Ovadiah Yosef Calendar.entitlements */ = {isa = PBXFileReference; lastKnownFileType = text.plist.entitlements; path = "Rabbi Ovadiah Yosef Calendar.entitlements"; sourceTree = "<group>"; };
		52F905B22A9F0AE4003E3C55 /* Rabbi Ovadiah Yosef Calendar WidgetExtension.entitlements */ = {isa = PBXFileReference; lastKnownFileType = text.plist.entitlements; path = "Rabbi Ovadiah Yosef Calendar WidgetExtension.entitlements"; sourceTree = "<group>"; };
		5D0D7D9E29A374C5003B6E43 /* Rabbi Ovadiah Yosef Calendar-Bridging-Header.h */ = {isa = PBXFileReference; lastKnownFileType = sourcecode.c.h; path = "Rabbi Ovadiah Yosef Calendar-Bridging-Header.h"; sourceTree = "<group>"; };
		5D0D7DB029A8AA3B003B6E43 /* ZmanListEntry.swift */ = {isa = PBXFileReference; lastKnownFileType = sourcecode.swift; path = ZmanListEntry.swift; sourceTree = "<group>"; };
		5D19D35D29A3687900F8033D /* Rabbi Ovadiah Yosef Calendar.app */ = {isa = PBXFileReference; explicitFileType = wrapper.application; includeInIndex = 0; path = "Rabbi Ovadiah Yosef Calendar.app"; sourceTree = BUILT_PRODUCTS_DIR; };
		5D19D36029A3687900F8033D /* AppDelegate.swift */ = {isa = PBXFileReference; lastKnownFileType = sourcecode.swift; path = AppDelegate.swift; sourceTree = "<group>"; };
		5D19D36229A3687900F8033D /* SceneDelegate.swift */ = {isa = PBXFileReference; lastKnownFileType = sourcecode.swift; path = SceneDelegate.swift; sourceTree = "<group>"; };
		5D19D36429A3687900F8033D /* ZmanListViewController.swift */ = {isa = PBXFileReference; lastKnownFileType = sourcecode.swift; path = ZmanListViewController.swift; sourceTree = "<group>"; usesTabs = 0; };
		5D19D36729A3687900F8033D /* Base */ = {isa = PBXFileReference; lastKnownFileType = file.storyboard; name = Base; path = Base.lproj/Main.storyboard; sourceTree = "<group>"; };
		5D19D36929A3687B00F8033D /* Assets.xcassets */ = {isa = PBXFileReference; lastKnownFileType = folder.assetcatalog; path = Assets.xcassets; sourceTree = "<group>"; };
		5D19D36C29A3687B00F8033D /* Base */ = {isa = PBXFileReference; lastKnownFileType = file.storyboard; name = Base; path = Base.lproj/LaunchScreen.storyboard; sourceTree = "<group>"; };
		5D19D36E29A3687B00F8033D /* Info.plist */ = {isa = PBXFileReference; lastKnownFileType = text.plist.xml; path = Info.plist; sourceTree = "<group>"; };
		5D19D37429A36DB200F8033D /* Constants.swift */ = {isa = PBXFileReference; lastKnownFileType = sourcecode.swift; path = Constants.swift; sourceTree = "<group>"; };
		5D19D37629A36DB200F8033D /* LSGeoLookup.swift */ = {isa = PBXFileReference; lastKnownFileType = sourcecode.swift; path = LSGeoLookup.swift; sourceTree = "<group>"; };
		5D19D37A29A36DB300F8033D /* LocationManager.swift */ = {isa = PBXFileReference; lastKnownFileType = sourcecode.swift; path = LocationManager.swift; sourceTree = "<group>"; };
		5D1CA12D2A021CA100F24323 /* Notifications.swift */ = {isa = PBXFileReference; lastKnownFileType = sourcecode.swift; path = Notifications.swift; sourceTree = "<group>"; };
		5D226EFC29D3B1E500D45E34 /* ZmanimTimeNames.swift */ = {isa = PBXFileReference; lastKnownFileType = sourcecode.swift; path = ZmanimTimeNames.swift; sourceTree = "<group>"; };
		5D7550A229E3776700894335 /* ElevationViewController.swift */ = {isa = PBXFileReference; lastKnownFileType = sourcecode.swift; path = ElevationViewController.swift; sourceTree = "<group>"; };
		5D7550A429EBC58200894335 /* MarqueeLabel.swift */ = {isa = PBXFileReference; fileEncoding = 4; lastKnownFileType = sourcecode.swift; path = MarqueeLabel.swift; sourceTree = "<group>"; };
		5D7550A829EF8B5800894335 /* InIsraelViewController.swift */ = {isa = PBXFileReference; lastKnownFileType = sourcecode.swift; path = InIsraelViewController.swift; sourceTree = "<group>"; };
		5D7550AB29EF94C300894335 /* ZmanimLanguageViewController.swift */ = {isa = PBXFileReference; lastKnownFileType = sourcecode.swift; path = ZmanimLanguageViewController.swift; sourceTree = "<group>"; };
		5D7550B029F2761300894335 /* MoladViewController.swift */ = {isa = PBXFileReference; lastKnownFileType = sourcecode.swift; path = MoladViewController.swift; sourceTree = "<group>"; };
		5D7550B329F8FE6100894335 /* SettingsViewController.swift */ = {isa = PBXFileReference; lastKnownFileType = sourcecode.swift; path = SettingsViewController.swift; sourceTree = "<group>"; };
		5D7550B729FC555200894335 /* ZmanimSettingsViewController.swift */ = {isa = PBXFileReference; lastKnownFileType = sourcecode.swift; path = ZmanimSettingsViewController.swift; sourceTree = "<group>"; };
		5D7550B929FC586100894335 /* ZmanimNotificationsSettingsViewController.swift */ = {isa = PBXFileReference; lastKnownFileType = sourcecode.swift; path = ZmanimNotificationsSettingsViewController.swift; sourceTree = "<group>"; };
		5D7550BB29FE3B9400894335 /* ZmanimAlertInfoHolder.swift */ = {isa = PBXFileReference; lastKnownFileType = sourcecode.swift; path = ZmanimAlertInfoHolder.swift; sourceTree = "<group>"; };
		5D948C302A38205E0017A8B6 /* TipScreenViewController.swift */ = {isa = PBXFileReference; lastKnownFileType = sourcecode.swift; path = TipScreenViewController.swift; sourceTree = "<group>"; };
		CE09D55B2EC1469000CF2F2D /* spectral_bold.ttf */ = {isa = PBXFileReference; lastKnownFileType = file; path = spectral_bold.ttf; sourceTree = "<group>"; };
		CE0CEBF32B07085100BFD068 /* ContentView.swift */ = {isa = PBXFileReference; lastKnownFileType = sourcecode.swift; path = ContentView.swift; sourceTree = "<group>"; };
		CE0CEBF52B070AD400BFD068 /* Rabbi Ovadiah Yosef Calendar watchOS Watch App.entitlements */ = {isa = PBXFileReference; lastKnownFileType = text.plist.entitlements; path = "Rabbi Ovadiah Yosef Calendar watchOS Watch App.entitlements"; sourceTree = "<group>"; };
		CE14479E2BE99A3E00AA52C9 /* OmerViewController.swift */ = {isa = PBXFileReference; lastKnownFileType = sourcecode.swift; path = OmerViewController.swift; sourceTree = "<group>"; };
		CE1447A02BE9C38F00AA52C9 /* JerusalemDirectionViewController.swift */ = {isa = PBXFileReference; lastKnownFileType = sourcecode.swift; path = JerusalemDirectionViewController.swift; sourceTree = "<group>"; };
		CE17DDCE2C9A8AF100CB9AA5 /* LimudimViewController.swift */ = {isa = PBXFileReference; lastKnownFileType = sourcecode.swift; path = LimudimViewController.swift; sourceTree = "<group>"; };
		CE1A90622C9AAB1000FAE6FF /* TabBarViewController.swift */ = {isa = PBXFileReference; lastKnownFileType = sourcecode.swift; path = TabBarViewController.swift; sourceTree = "<group>"; };
		CE2B0B742AC54BBD00F07CCD /* SiddurViewController.swift */ = {isa = PBXFileReference; lastKnownFileType = sourcecode.swift; path = SiddurViewController.swift; sourceTree = "<group>"; };
		CE32442C2B3BE66F00EEF29C /* Extensions.swift */ = {isa = PBXFileReference; lastKnownFileType = sourcecode.swift; path = Extensions.swift; sourceTree = "<group>"; };
		CE341C3E2BA0255C00E8F4CB /* LocationManagerForNotifications.swift */ = {isa = PBXFileReference; lastKnownFileType = sourcecode.swift; path = LocationManagerForNotifications.swift; sourceTree = "<group>"; };
		CE3C5B432DA4F6B7003AD67D /* NisanLimudYomi.swift */ = {isa = PBXFileReference; lastKnownFileType = sourcecode.swift; path = NisanLimudYomi.swift; sourceTree = "<group>"; };
		CE44BC612B5DF3C60091501E /* WeeklyParashaReadings.swift */ = {isa = PBXFileReference; lastKnownFileType = sourcecode.swift; path = WeeklyParashaReadings.swift; sourceTree = "<group>"; };
		CE4C6D762C0E50B40013A8EC /* WeeklyHaftorahReading.swift */ = {isa = PBXFileReference; lastKnownFileType = sourcecode.swift; path = WeeklyHaftorahReading.swift; sourceTree = "<group>"; };
		CE4E66032C6496F800E39907 /* GradientButton.swift */ = {isa = PBXFileReference; lastKnownFileType = sourcecode.swift; path = GradientButton.swift; sourceTree = "<group>"; };
		CE502A8F2B0DEC23008E716C /* Rabbi-Ovadiah-Yosef-Calendar-watchOS-Watch-App-Info.plist */ = {isa = PBXFileReference; lastKnownFileType = text.plist; path = "Rabbi-Ovadiah-Yosef-Calendar-watchOS-Watch-App-Info.plist"; sourceTree = SOURCE_ROOT; };
		CE51012A2EC32E98002FCA5E /* Guttman Mantova.ttf */ = {isa = PBXFileReference; lastKnownFileType = file; path = "Guttman Mantova.ttf"; sourceTree = "<group>"; };
		CE67C04E2AC3E7B200C8168A /* SiddurMaker.swift */ = {isa = PBXFileReference; lastKnownFileType = sourcecode.swift; path = SiddurMaker.swift; sourceTree = "<group>"; };
		CE6C5FA72D53463900D1A1F5 /* upcomingZmanim.swift */ = {isa = PBXFileReference; lastKnownFileType = sourcecode.swift; path = upcomingZmanim.swift; sourceTree = "<group>"; };
		CE6F52492DC9653200D3296A /* Guttman Mantova.ttf */ = {isa = PBXFileReference; lastKnownFileType = file; path = "Guttman Mantova.ttf"; sourceTree = "<group>"; };
		CE6F52542DC9A9E500D3296A /* JustifiedText.swift */ = {isa = PBXFileReference; lastKnownFileType = sourcecode.swift; path = JustifiedText.swift; sourceTree = "<group>"; };
		CE6F52562DC9C88600D3296A /* Taamey D.ttf */ = {isa = PBXFileReference; lastKnownFileType = file; path = "Taamey D.ttf"; sourceTree = "<group>"; };
		CE6F52582DC9E52900D3296A /* HighlightString.swift */ = {isa = PBXFileReference; lastKnownFileType = sourcecode.swift; path = HighlightString.swift; sourceTree = "<group>"; };
		CE7D2B5A2BC37A25006FD03B /* PrivacyInfo.xcprivacy */ = {isa = PBXFileReference; lastKnownFileType = text.xml; name = PrivacyInfo.xcprivacy; path = ViewControllers/PrivacyInfo.xcprivacy; sourceTree = "<group>"; };
		CE7E2BBF2C07E4F50080D898 /* checkVersion-iOS.swift */ = {isa = PBXFileReference; fileEncoding = 4; lastKnownFileType = sourcecode.swift; path = "checkVersion-iOS.swift"; sourceTree = "<group>"; };
		CE8BEC5E2AC53FB500DEA411 /* SiddurChooserViewController.swift */ = {isa = PBXFileReference; lastKnownFileType = sourcecode.swift; path = SiddurChooserViewController.swift; sourceTree = "<group>"; };
		CE8FB5D62DE2EF8D00C6B6CA /* hiloulah_en.json */ = {isa = PBXFileReference; lastKnownFileType = text.json; path = hiloulah_en.json; sourceTree = "<group>"; };
		CE9641B42B71A46800BA7BC7 /* Localizable.xcstrings */ = {isa = PBXFileReference; lastKnownFileType = text.json.xcstrings; path = Localizable.xcstrings; sourceTree = "<group>"; };
		CE9641B82B71A73F00BA7BC7 /* InfoPlist.xcstrings */ = {isa = PBXFileReference; lastKnownFileType = text.json.xcstrings; path = InfoPlist.xcstrings; sourceTree = "<group>"; };
		CE9641BD2B75A1AE00BA7BC7 /* he */ = {isa = PBXFileReference; lastKnownFileType = text.plist.strings; name = he; path = he.lproj/Main.strings; sourceTree = "<group>"; };
		CE9687E62E62332200A03C8D /* Guttman Keren.ttf */ = {isa = PBXFileReference; lastKnownFileType = file; path = "Guttman Keren.ttf"; sourceTree = "<group>"; };
		CE96B07D2DE663CF00BBC00C /* hiloulah_he.json */ = {isa = PBXFileReference; lastKnownFileType = text.json; path = hiloulah_he.json; sourceTree = "<group>"; };
		CE97D7C22D4C95FF00C019AA /* ZmanimFactory.swift */ = {isa = PBXFileReference; lastKnownFileType = sourcecode.swift; path = ZmanimFactory.swift; sourceTree = "<group>"; };
		CEB143362DDEFACF00AFA75E /* GlobalStruct.swift */ = {isa = PBXFileReference; lastKnownFileType = sourcecode.swift; path = GlobalStruct.swift; sourceTree = "<group>"; };
		CEB1BBA72B26A30300E58773 /* WatchInterface.swift */ = {isa = PBXFileReference; lastKnownFileType = sourcecode.swift; path = WatchInterface.swift; sourceTree = "<group>"; };
		CEB21E3C2B7B37FE0081C142 /* Base */ = {isa = PBXFileReference; lastKnownFileType = file.intentdefinition; name = Base; path = Base.lproj/Rabbi_Ovadiah_Yosef_Calendar_Widget.intentdefinition; sourceTree = "<group>"; };
		CEB21E3F2B7B38060081C142 /* he */ = {isa = PBXFileReference; lastKnownFileType = text.plist.strings; name = he; path = he.lproj/Rabbi_Ovadiah_Yosef_Calendar_Widget.strings; sourceTree = "<group>"; };
		CEB21E402B7B3BF30081C142 /* en */ = {isa = PBXFileReference; lastKnownFileType = text.plist.strings; name = en; path = en.lproj/Main.strings; sourceTree = "<group>"; };
		CEB8606B2EC57B9A0081A734 /* upcomingShabbatZmanim.swift */ = {isa = PBXFileReference; lastKnownFileType = sourcecode.swift; path = upcomingShabbatZmanim.swift; sourceTree = "<group>"; };
		CEB8606E2EC58E6E0081A734 /* NEUTRO-BOLD.TTF */ = {isa = PBXFileReference; lastKnownFileType = file; path = "NEUTRO-BOLD.TTF"; sourceTree = "<group>"; };
		CEB980D92D5F1A68003D96F4 /* WCSessionManager.swift */ = {isa = PBXFileReference; lastKnownFileType = sourcecode.swift; path = WCSessionManager.swift; sourceTree = "<group>"; };
		CEBC70E82D222FB800468477 /* menora.svg */ = {isa = PBXFileReference; lastKnownFileType = text.xml; path = menora.svg; sourceTree = "<group>"; };
		CEBC70EA2D22367200468477 /* menora-shadow.svg */ = {isa = PBXFileReference; lastKnownFileType = text.xml; path = "menora-shadow.svg"; sourceTree = "<group>"; };
		CEBC70EC2D22590000468477 /* compass.png */ = {isa = PBXFileReference; lastKnownFileType = image.png; path = compass.png; sourceTree = "<group>"; };
		CEC7611B2D531B4E00FD0AF1 /* explanation.mp4 */ = {isa = PBXFileReference; lastKnownFileType = file; path = explanation.mp4; sourceTree = "<group>"; };
		CED163562B07031700E05876 /* Rabbi Ovadiah Yosef Calendar watchOS Watch App.app */ = {isa = PBXFileReference; explicitFileType = wrapper.application; includeInIndex = 0; path = "Rabbi Ovadiah Yosef Calendar watchOS Watch App.app"; sourceTree = BUILT_PRODUCTS_DIR; };
		CED163582B07031800E05876 /* Rabbi_Ovadiah_Yosef_Calendar_watchOSApp.swift */ = {isa = PBXFileReference; lastKnownFileType = sourcecode.swift; path = Rabbi_Ovadiah_Yosef_Calendar_watchOSApp.swift; sourceTree = "<group>"; };
		CED1635C2B07031800E05876 /* Assets.xcassets */ = {isa = PBXFileReference; lastKnownFileType = folder.assetcatalog; path = Assets.xcassets; sourceTree = "<group>"; };
		CED1635F2B07031800E05876 /* Preview Assets.xcassets */ = {isa = PBXFileReference; lastKnownFileType = folder.assetcatalog; path = "Preview Assets.xcassets"; sourceTree = "<group>"; };
		CEE5D6E32CA679EF00E9C9C8 /* MishnaYomi.swift */ = {isa = PBXFileReference; lastKnownFileType = sourcecode.swift; path = MishnaYomi.swift; sourceTree = "<group>"; };
		CEE5D6E52CA68B0000E9C9C8 /* ChafetzChayimYomi.swift */ = {isa = PBXFileReference; lastKnownFileType = sourcecode.swift; path = ChafetzChayimYomi.swift; sourceTree = "<group>"; };
		CEEA0DC92D51BD9B0051CB6C /* WelcomeScreenViewController.swift */ = {isa = PBXFileReference; lastKnownFileType = sourcecode.swift; path = WelcomeScreenViewController.swift; sourceTree = "<group>"; };
		CEEAB8962D4F1CD7008D8721 /* UIKit.framework */ = {isa = PBXFileReference; lastKnownFileType = wrapper.framework; name = UIKit.framework; path = Platforms/WatchOS.platform/Developer/SDKs/WatchOS11.0.sdk/System/Library/Frameworks/UIKit.framework; sourceTree = DEVELOPER_DIR; };
		CEEF36CE2E714D74002D9436 /* Makam.json */ = {isa = PBXFileReference; lastKnownFileType = text.json; path = Makam.json; sourceTree = "<group>"; };
		CEEF36D22E714DE2002D9436 /* MakamJCal.swift */ = {isa = PBXFileReference; lastKnownFileType = sourcecode.swift; path = MakamJCal.swift; sourceTree = "<group>"; };
		CEEF36D42E714FC1002D9436 /* Makam_he.json */ = {isa = PBXFileReference; lastKnownFileType = text.json; path = Makam_he.json; sourceTree = "<group>"; };
		CEEF998A2BF0A8FF00D26EF3 /* GetUserLocationViewController.swift */ = {isa = PBXFileReference; lastKnownFileType = sourcecode.swift; path = GetUserLocationViewController.swift; sourceTree = "<group>"; };
		CEFCE3FF2C62C97E00609B9D /* NumberToHebrew.swift */ = {isa = PBXFileReference; lastKnownFileType = sourcecode.swift; path = NumberToHebrew.swift; sourceTree = "<group>"; };
/* End PBXFileReference section */

/* Begin PBXFileSystemSynchronizedRootGroup section */
		CE57CD092CB39D300042A43F /* SwiftUI */ = {isa = PBXFileSystemSynchronizedRootGroup; explicitFileTypes = {}; explicitFolders = (); path = SwiftUI; sourceTree = "<group>"; };
/* End PBXFileSystemSynchronizedRootGroup section */

/* Begin PBXFrameworksBuildPhase section */
		5259508F2A9B3AE500872955 /* Frameworks */ = {
			isa = PBXFrameworksBuildPhase;
			buildActionMask = 2147483647;
			files = (
				525950962A9B3AE500872955 /* SwiftUI.framework in Frameworks */,
				CE7EEB5E2CAA642000FFCD0A /* KosherSwift in Frameworks */,
				525950942A9B3AE500872955 /* WidgetKit.framework in Frameworks */,
			);
			runOnlyForDeploymentPostprocessing = 0;
		};
		5D19D35A29A3687900F8033D /* Frameworks */ = {
			isa = PBXFrameworksBuildPhase;
			buildActionMask = 2147483647;
			files = (
				CE1EB97A2CAA2E3900936F3A /* SunCalc in Frameworks */,
				CE3C5B422DA4E684003AD67D /* SwiftUISnackbar in Frameworks */,
				CE6F52532DC9A88700D3296A /* FrameUp in Frameworks */,
				52119EE32A7F954800661D63 /* SwiftSoup in Frameworks */,
				CE42BF032ED01D7400EBE921 /* SwiftUIScrollOffset in Frameworks */,
				CE3A504A2BF2FFCF00CD1DD2 /* SnackBar in Frameworks */,
				CE6309552B3BB5040020939B /* SwiftyJSON in Frameworks */,
				CE7EEB5C2CAA641500FFCD0A /* KosherSwift in Frameworks */,
			);
			runOnlyForDeploymentPostprocessing = 0;
		};
		CED163532B07031700E05876 /* Frameworks */ = {
			isa = PBXFrameworksBuildPhase;
			buildActionMask = 2147483647;
			files = (
				CE97D7C72D4CAB7000C019AA /* SunCalc in Frameworks */,
				CE7EEB602CAA642C00FFCD0A /* KosherSwift in Frameworks */,
			);
			runOnlyForDeploymentPostprocessing = 0;
		};
/* End PBXFrameworksBuildPhase section */

/* Begin PBXGroup section */
		52119EE02A7F8C5100661D63 /* ViewControllers */ = {
			isa = PBXGroup;
			children = (
				CE1A90622C9AAB1000FAE6FF /* TabBarViewController.swift */,
				5D19D36429A3687900F8033D /* ZmanListViewController.swift */,
				CE17DDCE2C9A8AF100CB9AA5 /* LimudimViewController.swift */,
				CE14479E2BE99A3E00AA52C9 /* OmerViewController.swift */,
				520D97392ABA8D17004B9014 /* NetzViewController.swift */,
				5D948C302A38205E0017A8B6 /* TipScreenViewController.swift */,
				5D7550A229E3776700894335 /* ElevationViewController.swift */,
				5D7550A829EF8B5800894335 /* InIsraelViewController.swift */,
				52A2A8B52A8B4CF500E2A463 /* SetupChooserViewController.swift */,
				52237D312A8C9B1400497D9E /* SimpleSetupViewController.swift */,
				52237D332A8C9BC800497D9E /* AdvancedSetupViewController.swift */,
				5D7550B329F8FE6100894335 /* SettingsViewController.swift */,
				5D7550B929FC586100894335 /* ZmanimNotificationsSettingsViewController.swift */,
				5D7550B729FC555200894335 /* ZmanimSettingsViewController.swift */,
				5D7550AB29EF94C300894335 /* ZmanimLanguageViewController.swift */,
				5D7550B029F2761300894335 /* MoladViewController.swift */,
				CE1447A02BE9C38F00AA52C9 /* JerusalemDirectionViewController.swift */,
				CE8BEC5E2AC53FB500DEA411 /* SiddurChooserViewController.swift */,
				CE2B0B742AC54BBD00F07CCD /* SiddurViewController.swift */,
				CEEF998A2BF0A8FF00D26EF3 /* GetUserLocationViewController.swift */,
				CEEA0DC92D51BD9B0051CB6C /* WelcomeScreenViewController.swift */,
			);
			path = ViewControllers;
			sourceTree = "<group>";
		};
		525950972A9B3AE500872955 /* Rabbi Ovadiah Yosef Calendar Widget */ = {
			isa = PBXGroup;
			children = (
				CE51012A2EC32E98002FCA5E /* Guttman Mantova.ttf */,
				525950982A9B3AE500872955 /* Rabbi_Ovadiah_Yosef_Calendar_WidgetBundle.swift */,
				5259509A2A9B3AE500872955 /* Rabbi_Ovadiah_Yosef_Calendar_WidgetLiveActivity.swift */,
				5259509C2A9B3AE500872955 /* Rabbi_Ovadiah_Yosef_Calendar_Widget.swift */,
				CE6C5FA72D53463900D1A1F5 /* upcomingZmanim.swift */,
				CEB8606B2EC57B9A0081A734 /* upcomingShabbatZmanim.swift */,
				CEB21E3D2B7B37FE0081C142 /* Rabbi_Ovadiah_Yosef_Calendar_Widget.intentdefinition */,
				5259509F2A9B3AE700872955 /* Assets.xcassets */,
				525950A12A9B3AE700872955 /* Info.plist */,
			);
			path = "Rabbi Ovadiah Yosef Calendar Widget";
			sourceTree = "<group>";
		};
		5D0D7DAF29A8AA23003B6E43 /* Models */ = {
			isa = PBXGroup;
			children = (
				5D0D7DB029A8AA3B003B6E43 /* ZmanListEntry.swift */,
				CE6F52582DC9E52900D3296A /* HighlightString.swift */,
				CEB143362DDEFACF00AFA75E /* GlobalStruct.swift */,
			);
			path = Models;
			sourceTree = "<group>";
		};
		5D19D35429A3687900F8033D = {
			isa = PBXGroup;
			children = (
				5D19D35F29A3687900F8033D /* Rabbi Ovadiah Yosef Calendar */,
				52F905B22A9F0AE4003E3C55 /* Rabbi Ovadiah Yosef Calendar WidgetExtension.entitlements */,
				525950972A9B3AE500872955 /* Rabbi Ovadiah Yosef Calendar Widget */,
				CED163572B07031800E05876 /* Rabbi Ovadiah Yosef Calendar watchOS Watch App */,
				5D19D35E29A3687900F8033D /* Products */,
				BFC12B5BBA41C790170091B5 /* Frameworks */,
			);
			sourceTree = "<group>";
		};
		5D19D35E29A3687900F8033D /* Products */ = {
			isa = PBXGroup;
			children = (
				5D19D35D29A3687900F8033D /* Rabbi Ovadiah Yosef Calendar.app */,
				525950922A9B3AE500872955 /* Rabbi Ovadiah Yosef Calendar WidgetExtension.appex */,
				CED163562B07031700E05876 /* Rabbi Ovadiah Yosef Calendar watchOS Watch App.app */,
			);
			name = Products;
			sourceTree = "<group>";
		};
		5D19D35F29A3687900F8033D /* Rabbi Ovadiah Yosef Calendar */ = {
			isa = PBXGroup;
			children = (
				CE7D2B5A2BC37A25006FD03B /* PrivacyInfo.xcprivacy */,
				CE9641B42B71A46800BA7BC7 /* Localizable.xcstrings */,
				CE9641B82B71A73F00BA7BC7 /* InfoPlist.xcstrings */,
				52F905B12A9F0A5A003E3C55 /* Rabbi Ovadiah Yosef Calendar.entitlements */,
				CE57CD092CB39D300042A43F /* SwiftUI */,
				52119EE02A7F8C5100661D63 /* ViewControllers */,
				5D0D7DAF29A8AA23003B6E43 /* Models */,
				5D19D37629A36DB200F8033D /* LSGeoLookup.swift */,
				CEB980D92D5F1A68003D96F4 /* WCSessionManager.swift */,
				5221221F2A844A9000942C23 /* ChaiTables.swift */,
				524A18352A80D38E00ACCBF8 /* ChaiTablesScraper.swift */,
				5D19D37A29A36DB300F8033D /* LocationManager.swift */,
				CE341C3E2BA0255C00E8F4CB /* LocationManagerForNotifications.swift */,
				5D19D37429A36DB200F8033D /* Constants.swift */,
				CE7E2BBF2C07E4F50080D898 /* checkVersion-iOS.swift */,
				5D19D36029A3687900F8033D /* AppDelegate.swift */,
				5D19D36229A3687900F8033D /* SceneDelegate.swift */,
				5292D1B92A6E556400857241 /* ChaiTablesLinkGenerator.swift */,
				5D1CA12D2A021CA100F24323 /* Notifications.swift */,
				5292D1B72A6E537E00857241 /* ChaiTablesCountries.swift */,
				5D7550BB29FE3B9400894335 /* ZmanimAlertInfoHolder.swift */,
				5D226EFC29D3B1E500D45E34 /* ZmanimTimeNames.swift */,
				5D7550A429EBC58200894335 /* MarqueeLabel.swift */,
				CE67C04E2AC3E7B200C8168A /* SiddurMaker.swift */,
				CE44BC612B5DF3C60091501E /* WeeklyParashaReadings.swift */,
				CEE5D6E32CA679EF00E9C9C8 /* MishnaYomi.swift */,
				CEE5D6E52CA68B0000E9C9C8 /* ChafetzChayimYomi.swift */,
				CE32442C2B3BE66F00EEF29C /* Extensions.swift */,
				CE4C6D762C0E50B40013A8EC /* WeeklyHaftorahReading.swift */,
				CE3C5B432DA4F6B7003AD67D /* NisanLimudYomi.swift */,
				CEFCE3FF2C62C97E00609B9D /* NumberToHebrew.swift */,
				CE6F52542DC9A9E500D3296A /* JustifiedText.swift */,
				CE4E66032C6496F800E39907 /* GradientButton.swift */,
				CE97D7C22D4C95FF00C019AA /* ZmanimFactory.swift */,
				CEEF36D22E714DE2002D9436 /* MakamJCal.swift */,
				5D19D36629A3687900F8033D /* Main.storyboard */,
				5D19D36929A3687B00F8033D /* Assets.xcassets */,
				5D19D36B29A3687B00F8033D /* LaunchScreen.storyboard */,
				5D19D36E29A3687B00F8033D /* Info.plist */,
				5D0D7D9E29A374C5003B6E43 /* Rabbi Ovadiah Yosef Calendar-Bridging-Header.h */,
				CE8FB5D62DE2EF8D00C6B6CA /* hiloulah_en.json */,
				CE96B07D2DE663CF00BBC00C /* hiloulah_he.json */,
				CEEF36CE2E714D74002D9436 /* Makam.json */,
				CEEF36D42E714FC1002D9436 /* Makam_he.json */,
				CE6F52562DC9C88600D3296A /* Taamey D.ttf */,
				CE6F52492DC9653200D3296A /* Guttman Mantova.ttf */,
				CE9687E62E62332200A03C8D /* Guttman Keren.ttf */,
				CE09D55B2EC1469000CF2F2D /* spectral_bold.ttf */,
				CEB8606E2EC58E6E0081A734 /* NEUTRO-BOLD.TTF */,
				CEBC70E82D222FB800468477 /* menora.svg */,
				CEBC70EA2D22367200468477 /* menora-shadow.svg */,
				CEBC70EC2D22590000468477 /* compass.png */,
				CEC7611B2D531B4E00FD0AF1 /* explanation.mp4 */,
			);
			path = "Rabbi Ovadiah Yosef Calendar";
			sourceTree = "<group>";
		};
		BFC12B5BBA41C790170091B5 /* Frameworks */ = {
			isa = PBXGroup;
			children = (
				CEEAB8962D4F1CD7008D8721 /* UIKit.framework */,
				525950932A9B3AE500872955 /* WidgetKit.framework */,
				525950952A9B3AE500872955 /* SwiftUI.framework */,
			);
			name = Frameworks;
			sourceTree = "<group>";
		};
		CED163572B07031800E05876 /* Rabbi Ovadiah Yosef Calendar watchOS Watch App */ = {
			isa = PBXGroup;
			children = (
				CE502A8F2B0DEC23008E716C /* Rabbi-Ovadiah-Yosef-Calendar-watchOS-Watch-App-Info.plist */,
				CE0CEBF52B070AD400BFD068 /* Rabbi Ovadiah Yosef Calendar watchOS Watch App.entitlements */,
				CED163582B07031800E05876 /* Rabbi_Ovadiah_Yosef_Calendar_watchOSApp.swift */,
				CED1635C2B07031800E05876 /* Assets.xcassets */,
				CED1635E2B07031800E05876 /* Preview Content */,
				CE0CEBF32B07085100BFD068 /* ContentView.swift */,
				CEB1BBA72B26A30300E58773 /* WatchInterface.swift */,
			);
			path = "Rabbi Ovadiah Yosef Calendar watchOS Watch App";
			sourceTree = "<group>";
		};
		CED1635E2B07031800E05876 /* Preview Content */ = {
			isa = PBXGroup;
			children = (
				CED1635F2B07031800E05876 /* Preview Assets.xcassets */,
			);
			path = "Preview Content";
			sourceTree = "<group>";
		};
/* End PBXGroup section */

/* Begin PBXNativeTarget section */
		525950912A9B3AE500872955 /* Rabbi Ovadiah Yosef Calendar WidgetExtension */ = {
			isa = PBXNativeTarget;
			buildConfigurationList = 525950AA2A9B3AE700872955 /* Build configuration list for PBXNativeTarget "Rabbi Ovadiah Yosef Calendar WidgetExtension" */;
			buildPhases = (
				5259508E2A9B3AE500872955 /* Sources */,
				5259508F2A9B3AE500872955 /* Frameworks */,
				525950902A9B3AE500872955 /* Resources */,
			);
			buildRules = (
			);
			dependencies = (
			);
			name = "Rabbi Ovadiah Yosef Calendar WidgetExtension";
			packageProductDependencies = (
				CE7EEB5D2CAA642000FFCD0A /* KosherSwift */,
			);
			productName = "Rabbi Ovadiah Yosef Calendar WidgetExtension";
			productReference = 525950922A9B3AE500872955 /* Rabbi Ovadiah Yosef Calendar WidgetExtension.appex */;
			productType = "com.apple.product-type.app-extension";
		};
		5D19D35C29A3687900F8033D /* Rabbi Ovadiah Yosef Calendar */ = {
			isa = PBXNativeTarget;
			buildConfigurationList = 5D19D37129A3687B00F8033D /* Build configuration list for PBXNativeTarget "Rabbi Ovadiah Yosef Calendar" */;
			buildPhases = (
				5D19D35929A3687900F8033D /* Sources */,
				5D19D35A29A3687900F8033D /* Frameworks */,
				5D19D35B29A3687900F8033D /* Resources */,
				525950A72A9B3AE700872955 /* Embed Foundation Extensions */,
				CED163642B07031800E05876 /* Embed Watch Content */,
			);
			buildRules = (
			);
			dependencies = (
				525950A52A9B3AE700872955 /* PBXTargetDependency */,
				CED163622B07031800E05876 /* PBXTargetDependency */,
			);
			fileSystemSynchronizedGroups = (
				CE57CD092CB39D300042A43F /* SwiftUI */,
			);
			name = "Rabbi Ovadiah Yosef Calendar";
			packageProductDependencies = (
				52119EE22A7F954800661D63 /* SwiftSoup */,
				CE6309542B3BB5040020939B /* SwiftyJSON */,
				CE3A50492BF2FFCF00CD1DD2 /* SnackBar */,
				CE1EB9792CAA2E3900936F3A /* SunCalc */,
				CE7EEB5B2CAA641500FFCD0A /* KosherSwift */,
				CE3C5B412DA4E684003AD67D /* SwiftUISnackbar */,
				CE6F52522DC9A88700D3296A /* FrameUp */,
				CE42BF022ED01D7400EBE921 /* SwiftUIScrollOffset */,
			);
			productName = "Rabbi Ovadiah Yosef Calendar";
			productReference = 5D19D35D29A3687900F8033D /* Rabbi Ovadiah Yosef Calendar.app */;
			productType = "com.apple.product-type.application";
		};
		CED163552B07031700E05876 /* Rabbi Ovadiah Yosef Calendar watchOS Watch App */ = {
			isa = PBXNativeTarget;
			buildConfigurationList = CED163672B07031800E05876 /* Build configuration list for PBXNativeTarget "Rabbi Ovadiah Yosef Calendar watchOS Watch App" */;
			buildPhases = (
				CED163522B07031700E05876 /* Sources */,
				CED163532B07031700E05876 /* Frameworks */,
				CED163542B07031700E05876 /* Resources */,
			);
			buildRules = (
			);
			dependencies = (
			);
			name = "Rabbi Ovadiah Yosef Calendar watchOS Watch App";
			packageProductDependencies = (
				CE7EEB5F2CAA642C00FFCD0A /* KosherSwift */,
				CE97D7C62D4CAB7000C019AA /* SunCalc */,
			);
			productName = "Rabbi Ovadiah Yosef Calendar watchOS Watch App";
			productReference = CED163562B07031700E05876 /* Rabbi Ovadiah Yosef Calendar watchOS Watch App.app */;
			productType = "com.apple.product-type.application";
		};
/* End PBXNativeTarget section */

/* Begin PBXProject section */
		5D19D35529A3687900F8033D /* Project object */ = {
			isa = PBXProject;
			attributes = {
				BuildIndependentTargetsInParallel = 1;
				LastSwiftUpdateCheck = 1620;
				LastUpgradeCheck = 1520;
				TargetAttributes = {
					525950912A9B3AE500872955 = {
						CreatedOnToolsVersion = 14.2;
					};
					5D19D35C29A3687900F8033D = {
						CreatedOnToolsVersion = 14.2;
						LastSwiftMigration = 1420;
					};
					CED163552B07031700E05876 = {
						CreatedOnToolsVersion = 15.0;
					};
				};
			};
			buildConfigurationList = 5D19D35829A3687900F8033D /* Build configuration list for PBXProject "Rabbi Ovadiah Yosef Calendar" */;
			compatibilityVersion = "Xcode 13.0";
			developmentRegion = en;
			hasScannedForEncodings = 0;
			knownRegions = (
				en,
				Base,
				he,
			);
			mainGroup = 5D19D35429A3687900F8033D;
			packageReferences = (
				52119EE12A7F954800661D63 /* XCRemoteSwiftPackageReference "SwiftSoup" */,
				CE6309532B3BB5040020939B /* XCRemoteSwiftPackageReference "SwiftyJSON" */,
				CE3A50482BF2FFCF00CD1DD2 /* XCRemoteSwiftPackageReference "SnackBar" */,
				CE1EB9782CAA2E3900936F3A /* XCRemoteSwiftPackageReference "SunCalc" */,
				CE7EEB5A2CAA641500FFCD0A /* XCRemoteSwiftPackageReference "KosherSwift" */,
				CE3C5B402DA4E684003AD67D /* XCRemoteSwiftPackageReference "SwiftUISnackbar" */,
				CE6F52512DC9A88700D3296A /* XCRemoteSwiftPackageReference "FrameUp" */,
				CE42BF012ED01D7400EBE921 /* XCRemoteSwiftPackageReference "SwiftUIScrollOffset" */,
			);
			productRefGroup = 5D19D35E29A3687900F8033D /* Products */;
			projectDirPath = "";
			projectRoot = "";
			targets = (
				5D19D35C29A3687900F8033D /* Rabbi Ovadiah Yosef Calendar */,
				525950912A9B3AE500872955 /* Rabbi Ovadiah Yosef Calendar WidgetExtension */,
				CED163552B07031700E05876 /* Rabbi Ovadiah Yosef Calendar watchOS Watch App */,
			);
		};
/* End PBXProject section */

/* Begin PBXResourcesBuildPhase section */
		525950902A9B3AE500872955 /* Resources */ = {
			isa = PBXResourcesBuildPhase;
			buildActionMask = 2147483647;
			files = (
				CE9641BA2B71A73F00BA7BC7 /* InfoPlist.xcstrings in Resources */,
				CE9641B62B71A46800BA7BC7 /* Localizable.xcstrings in Resources */,
				CE7D2B5C2BC37A25006FD03B /* PrivacyInfo.xcprivacy in Resources */,
				CE51012B2EC32E98002FCA5E /* Guttman Mantova.ttf in Resources */,
				525950A02A9B3AE700872955 /* Assets.xcassets in Resources */,
			);
			runOnlyForDeploymentPostprocessing = 0;
		};
		5D19D35B29A3687900F8033D /* Resources */ = {
			isa = PBXResourcesBuildPhase;
			buildActionMask = 2147483647;
			files = (
				CE7D2B5B2BC37A25006FD03B /* PrivacyInfo.xcprivacy in Resources */,
				5D19D36D29A3687B00F8033D /* LaunchScreen.storyboard in Resources */,
				CE8FB5D72DE2EF8D00C6B6CA /* hiloulah_en.json in Resources */,
				CEC7611C2D531B4E00FD0AF1 /* explanation.mp4 in Resources */,
				CE9641B92B71A73F00BA7BC7 /* InfoPlist.xcstrings in Resources */,
				CEB8606F2EC58E6E0081A734 /* NEUTRO-BOLD.TTF in Resources */,
				CE9687E72E62332200A03C8D /* Guttman Keren.ttf in Resources */,
				5D19D36A29A3687B00F8033D /* Assets.xcassets in Resources */,
				CEBC70EB2D22367200468477 /* menora-shadow.svg in Resources */,
				CEBC70E92D222FB800468477 /* menora.svg in Resources */,
				CEEF36CF2E714D7E002D9436 /* Makam.json in Resources */,
				CE6F524A2DC9653200D3296A /* Guttman Mantova.ttf in Resources */,
				CE09D55C2EC1469000CF2F2D /* spectral_bold.ttf in Resources */,
				CE9641B52B71A46800BA7BC7 /* Localizable.xcstrings in Resources */,
				CE6F52572DC9C88600D3296A /* Taamey D.ttf in Resources */,
				5D19D36829A3687900F8033D /* Main.storyboard in Resources */,
				CE96B07E2DE663CF00BBC00C /* hiloulah_he.json in Resources */,
				CEEF36D52E714FC1002D9436 /* Makam_he.json in Resources */,
				CEBC70ED2D22590000468477 /* compass.png in Resources */,
			);
			runOnlyForDeploymentPostprocessing = 0;
		};
		CED163542B07031700E05876 /* Resources */ = {
			isa = PBXResourcesBuildPhase;
			buildActionMask = 2147483647;
			files = (
				CED163602B07031800E05876 /* Preview Assets.xcassets in Resources */,
				CED1635D2B07031800E05876 /* Assets.xcassets in Resources */,
				CE9641BB2B71A73F00BA7BC7 /* InfoPlist.xcstrings in Resources */,
				CE7D2B5D2BC37A25006FD03B /* PrivacyInfo.xcprivacy in Resources */,
				CE9641B72B71A46800BA7BC7 /* Localizable.xcstrings in Resources */,
			);
			runOnlyForDeploymentPostprocessing = 0;
		};
/* End PBXResourcesBuildPhase section */

/* Begin PBXSourcesBuildPhase section */
		5259508E2A9B3AE500872955 /* Sources */ = {
			isa = PBXSourcesBuildPhase;
			buildActionMask = 2147483647;
			files = (
				CE0CE7D62B4B6ABF00913F40 /* Notifications.swift in Sources */,
				525950992A9B3AE500872955 /* Rabbi_Ovadiah_Yosef_Calendar_WidgetBundle.swift in Sources */,
				CE4C6D782C0E50B40013A8EC /* WeeklyHaftorahReading.swift in Sources */,
				CEB21E3B2B7B37FE0081C142 /* Rabbi_Ovadiah_Yosef_Calendar_Widget.intentdefinition in Sources */,
				CE10354D2B45547900193D1E /* LSGeoLookup.swift in Sources */,
				CE1035492B4553F600193D1E /* ZmanListEntry.swift in Sources */,
				CE10354F2B45548B00193D1E /* Constants.swift in Sources */,
				CE32442E2B3BE66F00EEF29C /* Extensions.swift in Sources */,
				CE6F52592DC9E52900D3296A /* HighlightString.swift in Sources */,
				CE10354B2B45545400193D1E /* ChaiTables.swift in Sources */,
				CE341C402BA025AE00E8F4CB /* LocationManagerForNotifications.swift in Sources */,
				CE1035532B4554F600193D1E /* LocationManager.swift in Sources */,
				5259509B2A9B3AE500872955 /* Rabbi_Ovadiah_Yosef_Calendar_WidgetLiveActivity.swift in Sources */,
				CEB8606C2EC57B9A0081A734 /* upcomingShabbatZmanim.swift in Sources */,
				5259509D2A9B3AE500872955 /* Rabbi_Ovadiah_Yosef_Calendar_Widget.swift in Sources */,
				CE6C5FC02D5358B400D1A1F5 /* upcomingZmanim.swift in Sources */,
				CE1035512B4554AC00193D1E /* ZmanimTimeNames.swift in Sources */,
				CE97D7C42D4C95FF00C019AA /* ZmanimFactory.swift in Sources */,
			);
			runOnlyForDeploymentPostprocessing = 0;
		};
		5D19D35929A3687900F8033D /* Sources */ = {
			isa = PBXSourcesBuildPhase;
			buildActionMask = 2147483647;
			files = (
				CE2B0B752AC54BC700F07CCD /* SiddurViewController.swift in Sources */,
				5D7550BA29FC586100894335 /* ZmanimNotificationsSettingsViewController.swift in Sources */,
				5D19D37D29A36DB300F8033D /* Constants.swift in Sources */,
				5D19D36129A3687900F8033D /* AppDelegate.swift in Sources */,
				5D7550A929EF8B5800894335 /* InIsraelViewController.swift in Sources */,
				CEEA0DCA2D51BD9B0051CB6C /* WelcomeScreenViewController.swift in Sources */,
				5D7550BC29FE3B9400894335 /* ZmanimAlertInfoHolder.swift in Sources */,
				CE14479F2BE99A3E00AA52C9 /* OmerViewController.swift in Sources */,
				5D7550A329E3776700894335 /* ElevationViewController.swift in Sources */,
				CEFCE4002C62C97E00609B9D /* NumberToHebrew.swift in Sources */,
				524A18362A80D38E00ACCBF8 /* ChaiTablesScraper.swift in Sources */,
				CEEF998B2BF0A8FF00D26EF3 /* GetUserLocationViewController.swift in Sources */,
				CEEF36D32E714DE2002D9436 /* MakamJCal.swift in Sources */,
				5D7550B829FC555200894335 /* ZmanimSettingsViewController.swift in Sources */,
				5D7550AC29EF94C300894335 /* ZmanimLanguageViewController.swift in Sources */,
				5D0D7DB129A8AA3B003B6E43 /* ZmanListEntry.swift in Sources */,
				CEB21E3A2B7B37FE0081C142 /* Rabbi_Ovadiah_Yosef_Calendar_Widget.intentdefinition in Sources */,
				CE3C5B442DA4F6B7003AD67D /* NisanLimudYomi.swift in Sources */,
				520D973A2ABA8D17004B9014 /* NetzViewController.swift in Sources */,
				5D19D37E29A36DB300F8033D /* LSGeoLookup.swift in Sources */,
				5D948C312A38205E0017A8B6 /* TipScreenViewController.swift in Sources */,
				52A2A8B62A8B4CF500E2A463 /* SetupChooserViewController.swift in Sources */,
				CE97D7C32D4C95FF00C019AA /* ZmanimFactory.swift in Sources */,
				5D19D36329A3687900F8033D /* SceneDelegate.swift in Sources */,
				CEE5D6E42CA679EF00E9C9C8 /* MishnaYomi.swift in Sources */,
				5D7550B129F2761300894335 /* MoladViewController.swift in Sources */,
				5292D1BA2A6E556400857241 /* ChaiTablesLinkGenerator.swift in Sources */,
				522122202A844A9000942C23 /* ChaiTables.swift in Sources */,
				CE1A90632C9AAB1000FAE6FF /* TabBarViewController.swift in Sources */,
				CEB8606D2EC57B9A0081A734 /* upcomingShabbatZmanim.swift in Sources */,
				5D1CA12E2A021CA100F24323 /* Notifications.swift in Sources */,
				5D7550B429F8FE6100894335 /* SettingsViewController.swift in Sources */,
				5D19D38129A36DB300F8033D /* LocationManager.swift in Sources */,
				52237D342A8C9BC800497D9E /* AdvancedSetupViewController.swift in Sources */,
				CE44BC622B5DF3C60091501E /* WeeklyParashaReadings.swift in Sources */,
				CEB143372DDEFAD600AFA75E /* GlobalStruct.swift in Sources */,
				52237D322A8C9B1400497D9E /* SimpleSetupViewController.swift in Sources */,
				CEE5D6E62CA68B0000E9C9C8 /* ChafetzChayimYomi.swift in Sources */,
				CEB980DA2D5F1A68003D96F4 /* WCSessionManager.swift in Sources */,
				5292D1B82A6E537E00857241 /* ChaiTablesCountries.swift in Sources */,
				CE6F52552DC9A9E500D3296A /* JustifiedText.swift in Sources */,
				CE17DDCF2C9A8AF100CB9AA5 /* LimudimViewController.swift in Sources */,
				CE4E66042C6496F800E39907 /* GradientButton.swift in Sources */,
				5D7550A529EBC58200894335 /* MarqueeLabel.swift in Sources */,
				CE1447A12BE9C38F00AA52C9 /* JerusalemDirectionViewController.swift in Sources */,
				CE7E2BC02C07E4F50080D898 /* checkVersion-iOS.swift in Sources */,
				CE32442D2B3BE66F00EEF29C /* Extensions.swift in Sources */,
				5D19D36529A3687900F8033D /* ZmanListViewController.swift in Sources */,
				CE67C04F2AC3E7B200C8168A /* SiddurMaker.swift in Sources */,
				CE341C3F2BA0255C00E8F4CB /* LocationManagerForNotifications.swift in Sources */,
				5D226EFD29D3B1E500D45E34 /* ZmanimTimeNames.swift in Sources */,
				CE6F525A2DC9E52900D3296A /* HighlightString.swift in Sources */,
				CE4C6D772C0E50B40013A8EC /* WeeklyHaftorahReading.swift in Sources */,
				CE8BEC5F2AC53FB500DEA411 /* SiddurChooserViewController.swift in Sources */,
			);
			runOnlyForDeploymentPostprocessing = 0;
		};
		CED163522B07031700E05876 /* Sources */ = {
			isa = PBXSourcesBuildPhase;
			buildActionMask = 2147483647;
			files = (
				CE1035502B45548B00193D1E /* Constants.swift in Sources */,
				CEB1BBA82B26A30300E58773 /* WatchInterface.swift in Sources */,
				CE0CE7D72B4B6AC000913F40 /* Notifications.swift in Sources */,
				CE1035542B4554F700193D1E /* LocationManager.swift in Sources */,
				CE1035522B4554AC00193D1E /* ZmanimTimeNames.swift in Sources */,
				CE32442F2B3BE66F00EEF29C /* Extensions.swift in Sources */,
				CE0CEBF42B07085100BFD068 /* ContentView.swift in Sources */,
				CED163592B07031800E05876 /* Rabbi_Ovadiah_Yosef_Calendar_watchOSApp.swift in Sources */,
				CE97D7C52D4C95FF00C019AA /* ZmanimFactory.swift in Sources */,
				CE10354C2B45545500193D1E /* ChaiTables.swift in Sources */,
				CE341C412BA025EF00E8F4CB /* LocationManagerForNotifications.swift in Sources */,
				CE10354E2B45547900193D1E /* LSGeoLookup.swift in Sources */,
				CE6F525B2DC9E52900D3296A /* HighlightString.swift in Sources */,
				CE4C6D792C0E50B40013A8EC /* WeeklyHaftorahReading.swift in Sources */,
				CE10354A2B4553F600193D1E /* ZmanListEntry.swift in Sources */,
			);
			runOnlyForDeploymentPostprocessing = 0;
		};
/* End PBXSourcesBuildPhase section */

/* Begin PBXTargetDependency section */
		525950A52A9B3AE700872955 /* PBXTargetDependency */ = {
			isa = PBXTargetDependency;
			target = 525950912A9B3AE500872955 /* Rabbi Ovadiah Yosef Calendar WidgetExtension */;
			targetProxy = 525950A42A9B3AE700872955 /* PBXContainerItemProxy */;
		};
		CED163622B07031800E05876 /* PBXTargetDependency */ = {
			isa = PBXTargetDependency;
			target = CED163552B07031700E05876 /* Rabbi Ovadiah Yosef Calendar watchOS Watch App */;
			targetProxy = CED163612B07031800E05876 /* PBXContainerItemProxy */;
		};
/* End PBXTargetDependency section */

/* Begin PBXVariantGroup section */
		5D19D36629A3687900F8033D /* Main.storyboard */ = {
			isa = PBXVariantGroup;
			children = (
				5D19D36729A3687900F8033D /* Base */,
				CE9641BD2B75A1AE00BA7BC7 /* he */,
				CEB21E402B7B3BF30081C142 /* en */,
			);
			name = Main.storyboard;
			sourceTree = "<group>";
		};
		5D19D36B29A3687B00F8033D /* LaunchScreen.storyboard */ = {
			isa = PBXVariantGroup;
			children = (
				5D19D36C29A3687B00F8033D /* Base */,
			);
			name = LaunchScreen.storyboard;
			sourceTree = "<group>";
		};
		CEB21E3D2B7B37FE0081C142 /* Rabbi_Ovadiah_Yosef_Calendar_Widget.intentdefinition */ = {
			isa = PBXVariantGroup;
			children = (
				CEB21E3C2B7B37FE0081C142 /* Base */,
				CEB21E3F2B7B38060081C142 /* he */,
			);
			name = Rabbi_Ovadiah_Yosef_Calendar_Widget.intentdefinition;
			sourceTree = "<group>";
		};
/* End PBXVariantGroup section */

/* Begin XCBuildConfiguration section */
		525950A82A9B3AE700872955 /* Debug */ = {
			isa = XCBuildConfiguration;
			buildSettings = {
				ASSETCATALOG_COMPILER_GLOBAL_ACCENT_COLOR_NAME = AccentColor;
				ASSETCATALOG_COMPILER_WIDGET_BACKGROUND_COLOR_NAME = WidgetBackground;
				CODE_SIGN_ENTITLEMENTS = "Rabbi Ovadiah Yosef Calendar WidgetExtension.entitlements";
				CODE_SIGN_IDENTITY = "Apple Development";
				CODE_SIGN_STYLE = Automatic;
				CURRENT_PROJECT_VERSION = 1;
				DEVELOPMENT_TEAM = 7L3824N5VJ;
				GENERATE_INFOPLIST_FILE = YES;
				INFOPLIST_FILE = "Rabbi Ovadiah Yosef Calendar Widget/Info.plist";
				INFOPLIST_KEY_CFBundleDisplayName = "Rabbi Ovadiah Yosef Calendar Widget";
				INFOPLIST_KEY_NSHumanReadableCopyright = "";
				INFOPLIST_KEY_NSLocationAlwaysAndWhenInUseUsageDescription = "This app uses your location to calculate zmanim for your current location";
				INFOPLIST_KEY_NSLocationAlwaysUsageDescription = "This app uses your location to calculate zmanim for your current location";
				INFOPLIST_KEY_NSLocationUsageDescription = "This app uses your location to calculate zmanim for your current location";
				INFOPLIST_KEY_NSLocationWhenInUseUsageDescription = "This app uses your location to calculate zmanim for your current location";
				IPHONEOS_DEPLOYMENT_TARGET = 15.0;
				LD_RUNPATH_SEARCH_PATHS = (
					"$(inherited)",
					"@executable_path/Frameworks",
					"@executable_path/../../Frameworks",
				);
				MARKETING_VERSION = 7.5;
				PRODUCT_BUNDLE_IDENTIFIER = "com.elyjacobi.Rabbi-Ovadiah-Yosef-Calendar.Rabbi-Ovadiah-Yosef-Calendar-Widget";
				PRODUCT_NAME = "$(TARGET_NAME)";
				SKIP_INSTALL = YES;
				SWIFT_EMIT_LOC_STRINGS = YES;
				SWIFT_VERSION = 5.0;
				TARGETED_DEVICE_FAMILY = "1,2";
			};
			name = Debug;
		};
		525950A92A9B3AE700872955 /* Release */ = {
			isa = XCBuildConfiguration;
			buildSettings = {
				ASSETCATALOG_COMPILER_GLOBAL_ACCENT_COLOR_NAME = AccentColor;
				ASSETCATALOG_COMPILER_WIDGET_BACKGROUND_COLOR_NAME = WidgetBackground;
				CODE_SIGN_ENTITLEMENTS = "Rabbi Ovadiah Yosef Calendar WidgetExtension.entitlements";
				CODE_SIGN_IDENTITY = "Apple Development";
				CODE_SIGN_STYLE = Automatic;
				CURRENT_PROJECT_VERSION = 1;
				DEVELOPMENT_TEAM = 7L3824N5VJ;
				GENERATE_INFOPLIST_FILE = YES;
				INFOPLIST_FILE = "Rabbi Ovadiah Yosef Calendar Widget/Info.plist";
				INFOPLIST_KEY_CFBundleDisplayName = "Rabbi Ovadiah Yosef Calendar Widget";
				INFOPLIST_KEY_NSHumanReadableCopyright = "";
				INFOPLIST_KEY_NSLocationAlwaysAndWhenInUseUsageDescription = "This app uses your location to calculate zmanim for your current location";
				INFOPLIST_KEY_NSLocationAlwaysUsageDescription = "This app uses your location to calculate zmanim for your current location";
				INFOPLIST_KEY_NSLocationUsageDescription = "This app uses your location to calculate zmanim for your current location";
				INFOPLIST_KEY_NSLocationWhenInUseUsageDescription = "This app uses your location to calculate zmanim for your current location";
				IPHONEOS_DEPLOYMENT_TARGET = 15.0;
				LD_RUNPATH_SEARCH_PATHS = (
					"$(inherited)",
					"@executable_path/Frameworks",
					"@executable_path/../../Frameworks",
				);
				MARKETING_VERSION = 7.5;
				PRODUCT_BUNDLE_IDENTIFIER = "com.elyjacobi.Rabbi-Ovadiah-Yosef-Calendar.Rabbi-Ovadiah-Yosef-Calendar-Widget";
				PRODUCT_NAME = "$(TARGET_NAME)";
				SKIP_INSTALL = YES;
				SWIFT_EMIT_LOC_STRINGS = YES;
				SWIFT_VERSION = 5.0;
				TARGETED_DEVICE_FAMILY = "1,2";
			};
			name = Release;
		};
		5D19D36F29A3687B00F8033D /* Debug */ = {
			isa = XCBuildConfiguration;
			buildSettings = {
				ALWAYS_SEARCH_USER_PATHS = NO;
				CLANG_ANALYZER_LOCALIZABILITY_NONLOCALIZED = YES;
				CLANG_ANALYZER_NONNULL = YES;
				CLANG_ANALYZER_NUMBER_OBJECT_CONVERSION = YES_AGGRESSIVE;
				CLANG_CXX_LANGUAGE_STANDARD = "gnu++20";
				CLANG_ENABLE_MODULES = YES;
				CLANG_ENABLE_OBJC_ARC = YES;
				CLANG_ENABLE_OBJC_WEAK = YES;
				CLANG_WARN_BLOCK_CAPTURE_AUTORELEASING = YES;
				CLANG_WARN_BOOL_CONVERSION = YES;
				CLANG_WARN_COMMA = YES;
				CLANG_WARN_CONSTANT_CONVERSION = YES;
				CLANG_WARN_DEPRECATED_OBJC_IMPLEMENTATIONS = YES;
				CLANG_WARN_DIRECT_OBJC_ISA_USAGE = YES_ERROR;
				CLANG_WARN_DOCUMENTATION_COMMENTS = YES;
				CLANG_WARN_EMPTY_BODY = YES;
				CLANG_WARN_ENUM_CONVERSION = YES;
				CLANG_WARN_INFINITE_RECURSION = YES;
				CLANG_WARN_INT_CONVERSION = YES;
				CLANG_WARN_NON_LITERAL_NULL_CONVERSION = YES;
				CLANG_WARN_OBJC_IMPLICIT_RETAIN_SELF = YES;
				CLANG_WARN_OBJC_LITERAL_CONVERSION = YES;
				CLANG_WARN_OBJC_ROOT_CLASS = YES_ERROR;
				CLANG_WARN_QUOTED_INCLUDE_IN_FRAMEWORK_HEADER = YES;
				CLANG_WARN_RANGE_LOOP_ANALYSIS = YES;
				CLANG_WARN_STRICT_PROTOTYPES = YES;
				CLANG_WARN_SUSPICIOUS_MOVE = YES;
				CLANG_WARN_UNGUARDED_AVAILABILITY = YES_AGGRESSIVE;
				CLANG_WARN_UNREACHABLE_CODE = YES;
				CLANG_WARN__DUPLICATE_METHOD_MATCH = YES;
				COPY_PHASE_STRIP = NO;
				DEBUG_INFORMATION_FORMAT = dwarf;
				ENABLE_STRICT_OBJC_MSGSEND = YES;
				ENABLE_TESTABILITY = YES;
				GCC_C_LANGUAGE_STANDARD = gnu11;
				GCC_DYNAMIC_NO_PIC = NO;
				GCC_NO_COMMON_BLOCKS = YES;
				GCC_OPTIMIZATION_LEVEL = 0;
				GCC_PREPROCESSOR_DEFINITIONS = (
					"DEBUG=1",
					"$(inherited)",
				);
				GCC_WARN_64_TO_32_BIT_CONVERSION = YES;
				GCC_WARN_ABOUT_RETURN_TYPE = YES_ERROR;
				GCC_WARN_UNDECLARED_SELECTOR = YES;
				GCC_WARN_UNINITIALIZED_AUTOS = YES_AGGRESSIVE;
				GCC_WARN_UNUSED_FUNCTION = YES;
				GCC_WARN_UNUSED_VARIABLE = YES;
				IPHONEOS_DEPLOYMENT_TARGET = 14.0;
				MTL_ENABLE_DEBUG_INFO = INCLUDE_SOURCE;
				MTL_FAST_MATH = YES;
				ONLY_ACTIVE_ARCH = YES;
				SDKROOT = iphoneos;
				SWIFT_ACTIVE_COMPILATION_CONDITIONS = DEBUG;
				SWIFT_OPTIMIZATION_LEVEL = "-Onone";
			};
			name = Debug;
		};
		5D19D37029A3687B00F8033D /* Release */ = {
			isa = XCBuildConfiguration;
			buildSettings = {
				ALWAYS_SEARCH_USER_PATHS = NO;
				CLANG_ANALYZER_LOCALIZABILITY_NONLOCALIZED = YES;
				CLANG_ANALYZER_NONNULL = YES;
				CLANG_ANALYZER_NUMBER_OBJECT_CONVERSION = YES_AGGRESSIVE;
				CLANG_CXX_LANGUAGE_STANDARD = "gnu++20";
				CLANG_ENABLE_MODULES = YES;
				CLANG_ENABLE_OBJC_ARC = YES;
				CLANG_ENABLE_OBJC_WEAK = YES;
				CLANG_WARN_BLOCK_CAPTURE_AUTORELEASING = YES;
				CLANG_WARN_BOOL_CONVERSION = YES;
				CLANG_WARN_COMMA = YES;
				CLANG_WARN_CONSTANT_CONVERSION = YES;
				CLANG_WARN_DEPRECATED_OBJC_IMPLEMENTATIONS = YES;
				CLANG_WARN_DIRECT_OBJC_ISA_USAGE = YES_ERROR;
				CLANG_WARN_DOCUMENTATION_COMMENTS = YES;
				CLANG_WARN_EMPTY_BODY = YES;
				CLANG_WARN_ENUM_CONVERSION = YES;
				CLANG_WARN_INFINITE_RECURSION = YES;
				CLANG_WARN_INT_CONVERSION = YES;
				CLANG_WARN_NON_LITERAL_NULL_CONVERSION = YES;
				CLANG_WARN_OBJC_IMPLICIT_RETAIN_SELF = YES;
				CLANG_WARN_OBJC_LITERAL_CONVERSION = YES;
				CLANG_WARN_OBJC_ROOT_CLASS = YES_ERROR;
				CLANG_WARN_QUOTED_INCLUDE_IN_FRAMEWORK_HEADER = YES;
				CLANG_WARN_RANGE_LOOP_ANALYSIS = YES;
				CLANG_WARN_STRICT_PROTOTYPES = YES;
				CLANG_WARN_SUSPICIOUS_MOVE = YES;
				CLANG_WARN_UNGUARDED_AVAILABILITY = YES_AGGRESSIVE;
				CLANG_WARN_UNREACHABLE_CODE = YES;
				CLANG_WARN__DUPLICATE_METHOD_MATCH = YES;
				COPY_PHASE_STRIP = NO;
				DEBUG_INFORMATION_FORMAT = "dwarf-with-dsym";
				ENABLE_NS_ASSERTIONS = NO;
				ENABLE_STRICT_OBJC_MSGSEND = YES;
				GCC_C_LANGUAGE_STANDARD = gnu11;
				GCC_NO_COMMON_BLOCKS = YES;
				GCC_WARN_64_TO_32_BIT_CONVERSION = YES;
				GCC_WARN_ABOUT_RETURN_TYPE = YES_ERROR;
				GCC_WARN_UNDECLARED_SELECTOR = YES;
				GCC_WARN_UNINITIALIZED_AUTOS = YES_AGGRESSIVE;
				GCC_WARN_UNUSED_FUNCTION = YES;
				GCC_WARN_UNUSED_VARIABLE = YES;
				IPHONEOS_DEPLOYMENT_TARGET = 14.0;
				MTL_ENABLE_DEBUG_INFO = NO;
				MTL_FAST_MATH = YES;
				SDKROOT = iphoneos;
				SWIFT_COMPILATION_MODE = wholemodule;
				SWIFT_OPTIMIZATION_LEVEL = "-O";
				VALIDATE_PRODUCT = YES;
			};
			name = Release;
		};
		5D19D37229A3687B00F8033D /* Debug */ = {
			isa = XCBuildConfiguration;
			buildSettings = {
				ALWAYS_EMBED_SWIFT_STANDARD_LIBRARIES = YES;
				ASSETCATALOG_COMPILER_APPICON_NAME = AppIcon;
				ASSETCATALOG_COMPILER_GLOBAL_ACCENT_COLOR_NAME = AccentColor;
				ASSETCATALOG_COMPILER_INCLUDE_ALL_APPICON_ASSETS = NO;
				CLANG_ENABLE_MODULES = YES;
				CODE_SIGN_ENTITLEMENTS = "Rabbi Ovadiah Yosef Calendar/Rabbi Ovadiah Yosef Calendar.entitlements";
				CODE_SIGN_IDENTITY = "Apple Development";
				CODE_SIGN_STYLE = Automatic;
				CURRENT_PROJECT_VERSION = 1;
				DEVELOPMENT_TEAM = 7L3824N5VJ;
				EXCLUDED_ARCHS = "";
				GENERATE_INFOPLIST_FILE = YES;
				INFOPLIST_FILE = "Rabbi Ovadiah Yosef Calendar/Info.plist";
				INFOPLIST_KEY_CFBundleDisplayName = "Zemaneh Yosef";
				INFOPLIST_KEY_LSApplicationCategoryType = "public.app-category.utilities";
				INFOPLIST_KEY_NSLocationAlwaysAndWhenInUseUsageDescription = "This app uses your location to calculate zmanim for your current location";
				INFOPLIST_KEY_NSLocationWhenInUseUsageDescription = "Please allow the app to see your location in order to calculate the zmanim/times.";
				INFOPLIST_KEY_NSSupportsLiveActivities = YES;
				INFOPLIST_KEY_UIApplicationSupportsIndirectInputEvents = YES;
				INFOPLIST_KEY_UILaunchScreen_Generation = YES;
				INFOPLIST_KEY_UILaunchStoryboardName = LaunchScreen.storyboard;
				INFOPLIST_KEY_UIStatusBarStyle = "";
				INFOPLIST_KEY_UISupportedInterfaceOrientations = "UIInterfaceOrientationLandscapeLeft UIInterfaceOrientationLandscapeRight UIInterfaceOrientationPortrait UIInterfaceOrientationPortraitUpsideDown";
				IPHONEOS_DEPLOYMENT_TARGET = 15.0;
				LD_RUNPATH_SEARCH_PATHS = (
					"$(inherited)",
					"@executable_path/Frameworks",
				);
				MARKETING_VERSION = 7.5;
				PRODUCT_BUNDLE_IDENTIFIER = "com.elyjacobi.Rabbi-Ovadiah-Yosef-Calendar";
				PRODUCT_NAME = "$(TARGET_NAME)";
				PROVISIONING_PROFILE_SPECIFIER = "";
				SWIFT_EMIT_LOC_STRINGS = YES;
				SWIFT_OBJC_BRIDGING_HEADER = "Rabbi Ovadiah Yosef Calendar/Rabbi Ovadiah Yosef Calendar-Bridging-Header.h";
				SWIFT_OPTIMIZATION_LEVEL = "-Onone";
				SWIFT_VERSION = 5.0;
				TARGETED_DEVICE_FAMILY = "1,2";
			};
			name = Debug;
		};
		5D19D37329A3687B00F8033D /* Release */ = {
			isa = XCBuildConfiguration;
			buildSettings = {
				ALWAYS_EMBED_SWIFT_STANDARD_LIBRARIES = YES;
				ASSETCATALOG_COMPILER_APPICON_NAME = AppIcon;
				ASSETCATALOG_COMPILER_GLOBAL_ACCENT_COLOR_NAME = AccentColor;
				ASSETCATALOG_COMPILER_INCLUDE_ALL_APPICON_ASSETS = NO;
				CLANG_ENABLE_MODULES = YES;
				CODE_SIGN_ENTITLEMENTS = "Rabbi Ovadiah Yosef Calendar/Rabbi Ovadiah Yosef Calendar.entitlements";
				CODE_SIGN_IDENTITY = "Apple Development";
				CODE_SIGN_STYLE = Automatic;
				CURRENT_PROJECT_VERSION = 1;
				DEVELOPMENT_TEAM = 7L3824N5VJ;
				GENERATE_INFOPLIST_FILE = YES;
				INFOPLIST_FILE = "Rabbi Ovadiah Yosef Calendar/Info.plist";
				INFOPLIST_KEY_CFBundleDisplayName = "Zemaneh Yosef";
				INFOPLIST_KEY_LSApplicationCategoryType = "public.app-category.utilities";
				INFOPLIST_KEY_NSLocationAlwaysAndWhenInUseUsageDescription = "This app uses your location to calculate zmanim for your current location";
				INFOPLIST_KEY_NSLocationWhenInUseUsageDescription = "Please allow the app to see your location in order to calculate the zmanim/times.";
				INFOPLIST_KEY_NSSupportsLiveActivities = YES;
				INFOPLIST_KEY_UIApplicationSupportsIndirectInputEvents = YES;
				INFOPLIST_KEY_UILaunchScreen_Generation = YES;
				INFOPLIST_KEY_UILaunchStoryboardName = LaunchScreen.storyboard;
				INFOPLIST_KEY_UIStatusBarStyle = "";
				INFOPLIST_KEY_UISupportedInterfaceOrientations = "UIInterfaceOrientationLandscapeLeft UIInterfaceOrientationLandscapeRight UIInterfaceOrientationPortrait UIInterfaceOrientationPortraitUpsideDown";
				IPHONEOS_DEPLOYMENT_TARGET = 15.0;
				LD_RUNPATH_SEARCH_PATHS = (
					"$(inherited)",
					"@executable_path/Frameworks",
				);
				MARKETING_VERSION = 7.5;
				ONLY_ACTIVE_ARCH = NO;
				PRODUCT_BUNDLE_IDENTIFIER = "com.elyjacobi.Rabbi-Ovadiah-Yosef-Calendar";
				PRODUCT_NAME = "$(TARGET_NAME)";
				PROVISIONING_PROFILE_SPECIFIER = "";
				SWIFT_EMIT_LOC_STRINGS = YES;
				SWIFT_OBJC_BRIDGING_HEADER = "Rabbi Ovadiah Yosef Calendar/Rabbi Ovadiah Yosef Calendar-Bridging-Header.h";
				SWIFT_VERSION = 5.0;
				TARGETED_DEVICE_FAMILY = "1,2";
			};
			name = Release;
		};
		CED163652B07031800E05876 /* Debug */ = {
			isa = XCBuildConfiguration;
			buildSettings = {
				ASSETCATALOG_COMPILER_APPICON_NAME = AppIcon;
				ASSETCATALOG_COMPILER_GENERATE_SWIFT_ASSET_SYMBOL_EXTENSIONS = YES;
				ASSETCATALOG_COMPILER_GLOBAL_ACCENT_COLOR_NAME = AccentColor;
				CODE_SIGN_ENTITLEMENTS = "Rabbi Ovadiah Yosef Calendar watchOS Watch App/Rabbi Ovadiah Yosef Calendar watchOS Watch App.entitlements";
				CODE_SIGN_IDENTITY = "Apple Development";
				CODE_SIGN_STYLE = Automatic;
				CURRENT_PROJECT_VERSION = 1;
				DEVELOPMENT_ASSET_PATHS = "\"Rabbi Ovadiah Yosef Calendar watchOS Watch App/Preview Content\"";
				DEVELOPMENT_TEAM = 7L3824N5VJ;
				ENABLE_PREVIEWS = YES;
				ENABLE_USER_SCRIPT_SANDBOXING = NO;
				GCC_C_LANGUAGE_STANDARD = gnu17;
				GENERATE_INFOPLIST_FILE = YES;
				INFOPLIST_FILE = "Rabbi-Ovadiah-Yosef-Calendar-watchOS-Watch-App-Info.plist";
				INFOPLIST_KEY_CFBundleDisplayName = "Rabbi Ovadiah Yosef Calendar watchOS";
				INFOPLIST_KEY_NSLocationAlwaysAndWhenInUseUsageDescription = "Need your location to update the zmanim";
				INFOPLIST_KEY_NSLocationWhenInUseUsageDescription = "Need your location to update the zmanim";
				INFOPLIST_KEY_UISupportedInterfaceOrientations = "UIInterfaceOrientationPortrait UIInterfaceOrientationPortraitUpsideDown";
				INFOPLIST_KEY_WKCompanionAppBundleIdentifier = "com.elyjacobi.Rabbi-Ovadiah-Yosef-Calendar";
				LD_RUNPATH_SEARCH_PATHS = (
					"$(inherited)",
					"@executable_path/Frameworks",
				);
				LOCALIZATION_PREFERS_STRING_CATALOGS = YES;
				MARKETING_VERSION = 5.3;
				PRODUCT_BUNDLE_IDENTIFIER = "com.elyjacobi.Rabbi-Ovadiah-Yosef-Calendar.watchkitapp";
				PRODUCT_NAME = "$(TARGET_NAME)";
				SDKROOT = watchos;
				SKIP_INSTALL = YES;
				SWIFT_ACTIVE_COMPILATION_CONDITIONS = "DEBUG $(inherited)";
				SWIFT_EMIT_LOC_STRINGS = YES;
				SWIFT_VERSION = 5.0;
				TARGETED_DEVICE_FAMILY = 4;
				WATCHOS_DEPLOYMENT_TARGET = 10.0;
			};
			name = Debug;
		};
		CED163662B07031800E05876 /* Release */ = {
			isa = XCBuildConfiguration;
			buildSettings = {
				ASSETCATALOG_COMPILER_APPICON_NAME = AppIcon;
				ASSETCATALOG_COMPILER_GENERATE_SWIFT_ASSET_SYMBOL_EXTENSIONS = YES;
				ASSETCATALOG_COMPILER_GLOBAL_ACCENT_COLOR_NAME = AccentColor;
				CODE_SIGN_ENTITLEMENTS = "Rabbi Ovadiah Yosef Calendar watchOS Watch App/Rabbi Ovadiah Yosef Calendar watchOS Watch App.entitlements";
				CODE_SIGN_IDENTITY = "Apple Development";
				CODE_SIGN_STYLE = Automatic;
				CURRENT_PROJECT_VERSION = 1;
				DEVELOPMENT_ASSET_PATHS = "\"Rabbi Ovadiah Yosef Calendar watchOS Watch App/Preview Content\"";
				DEVELOPMENT_TEAM = 7L3824N5VJ;
				ENABLE_PREVIEWS = YES;
				ENABLE_USER_SCRIPT_SANDBOXING = NO;
				GCC_C_LANGUAGE_STANDARD = gnu17;
				GENERATE_INFOPLIST_FILE = YES;
				INFOPLIST_FILE = "Rabbi-Ovadiah-Yosef-Calendar-watchOS-Watch-App-Info.plist";
				INFOPLIST_KEY_CFBundleDisplayName = "Rabbi Ovadiah Yosef Calendar watchOS";
				INFOPLIST_KEY_NSLocationAlwaysAndWhenInUseUsageDescription = "Need your location to update the zmanim";
				INFOPLIST_KEY_NSLocationWhenInUseUsageDescription = "Need your location to update the zmanim";
				INFOPLIST_KEY_UISupportedInterfaceOrientations = "UIInterfaceOrientationPortrait UIInterfaceOrientationPortraitUpsideDown";
				INFOPLIST_KEY_WKCompanionAppBundleIdentifier = "com.elyjacobi.Rabbi-Ovadiah-Yosef-Calendar";
				LD_RUNPATH_SEARCH_PATHS = (
					"$(inherited)",
					"@executable_path/Frameworks",
				);
				LOCALIZATION_PREFERS_STRING_CATALOGS = YES;
				MARKETING_VERSION = 5.3;
				PRODUCT_BUNDLE_IDENTIFIER = "com.elyjacobi.Rabbi-Ovadiah-Yosef-Calendar.watchkitapp";
				PRODUCT_NAME = "$(TARGET_NAME)";
				SDKROOT = watchos;
				SKIP_INSTALL = YES;
				SWIFT_EMIT_LOC_STRINGS = YES;
				SWIFT_VERSION = 5.0;
				TARGETED_DEVICE_FAMILY = 4;
				WATCHOS_DEPLOYMENT_TARGET = 10.0;
			};
			name = Release;
		};
/* End XCBuildConfiguration section */

/* Begin XCConfigurationList section */
		525950AA2A9B3AE700872955 /* Build configuration list for PBXNativeTarget "Rabbi Ovadiah Yosef Calendar WidgetExtension" */ = {
			isa = XCConfigurationList;
			buildConfigurations = (
				525950A82A9B3AE700872955 /* Debug */,
				525950A92A9B3AE700872955 /* Release */,
			);
			defaultConfigurationIsVisible = 0;
			defaultConfigurationName = Release;
		};
		5D19D35829A3687900F8033D /* Build configuration list for PBXProject "Rabbi Ovadiah Yosef Calendar" */ = {
			isa = XCConfigurationList;
			buildConfigurations = (
				5D19D36F29A3687B00F8033D /* Debug */,
				5D19D37029A3687B00F8033D /* Release */,
			);
			defaultConfigurationIsVisible = 0;
			defaultConfigurationName = Release;
		};
		5D19D37129A3687B00F8033D /* Build configuration list for PBXNativeTarget "Rabbi Ovadiah Yosef Calendar" */ = {
			isa = XCConfigurationList;
			buildConfigurations = (
				5D19D37229A3687B00F8033D /* Debug */,
				5D19D37329A3687B00F8033D /* Release */,
			);
			defaultConfigurationIsVisible = 0;
			defaultConfigurationName = Release;
		};
		CED163672B07031800E05876 /* Build configuration list for PBXNativeTarget "Rabbi Ovadiah Yosef Calendar watchOS Watch App" */ = {
			isa = XCConfigurationList;
			buildConfigurations = (
				CED163652B07031800E05876 /* Debug */,
				CED163662B07031800E05876 /* Release */,
			);
			defaultConfigurationIsVisible = 0;
			defaultConfigurationName = Release;
		};
/* End XCConfigurationList section */

/* Begin XCRemoteSwiftPackageReference section */
		52119EE12A7F954800661D63 /* XCRemoteSwiftPackageReference "SwiftSoup" */ = {
			isa = XCRemoteSwiftPackageReference;
			repositoryURL = "https://github.com/scinfu/SwiftSoup.git";
			requirement = {
				kind = upToNextMajorVersion;
				minimumVersion = 2.0.0;
			};
		};
		CE1EB9782CAA2E3900936F3A /* XCRemoteSwiftPackageReference "SunCalc" */ = {
			isa = XCRemoteSwiftPackageReference;
			repositoryURL = "https://github.com/nikolajjensen/SunCalc.git";
			requirement = {
				kind = upToNextMajorVersion;
				minimumVersion = 1.0.0;
			};
		};
		CE3A50482BF2FFCF00CD1DD2 /* XCRemoteSwiftPackageReference "SnackBar" */ = {
			isa = XCRemoteSwiftPackageReference;
			repositoryURL = "https://github.com/ahmedAlmasri/SnackBar.swift";
			requirement = {
				kind = upToNextMajorVersion;
				minimumVersion = 0.1.2;
			};
		};
		CE3C5B402DA4E684003AD67D /* XCRemoteSwiftPackageReference "SwiftUISnackbar" */ = {
			isa = XCRemoteSwiftPackageReference;
			repositoryURL = "https://github.com/zaniluca/SwiftUISnackbar.git";
			requirement = {
				branch = main;
				kind = branch;
			};
		};
		CE42BF012ED01D7400EBE921 /* XCRemoteSwiftPackageReference "SwiftUIScrollOffset" */ = {
			isa = XCRemoteSwiftPackageReference;
			repositoryURL = "https://github.com/ciaranrobrien/SwiftUIScrollOffset";
			requirement = {
				branch = main;
				kind = branch;
			};
		};
		CE6309532B3BB5040020939B /* XCRemoteSwiftPackageReference "SwiftyJSON" */ = {
			isa = XCRemoteSwiftPackageReference;
			repositoryURL = "https://github.com/SwiftyJSON/SwiftyJSON.git";
			requirement = {
				kind = upToNextMajorVersion;
				minimumVersion = 5.0.1;
			};
		};
		CE6F52512DC9A88700D3296A /* XCRemoteSwiftPackageReference "FrameUp" */ = {
			isa = XCRemoteSwiftPackageReference;
			repositoryURL = "https://github.com/ryanlintott/FrameUp";
			requirement = {
				kind = upToNextMajorVersion;
				minimumVersion = 0.9.9;
			};
		};
		CE7EEB5A2CAA641500FFCD0A /* XCRemoteSwiftPackageReference "KosherSwift" */ = {
			isa = XCRemoteSwiftPackageReference;
			repositoryURL = "https://github.com/Elyahu41/KosherSwift";
			requirement = {
				kind = upToNextMajorVersion;
				minimumVersion = 1.1.1;
			};
		};
/* End XCRemoteSwiftPackageReference section */

/* Begin XCSwiftPackageProductDependency section */
		52119EE22A7F954800661D63 /* SwiftSoup */ = {
			isa = XCSwiftPackageProductDependency;
			package = 52119EE12A7F954800661D63 /* XCRemoteSwiftPackageReference "SwiftSoup" */;
			productName = SwiftSoup;
		};
		CE1EB9792CAA2E3900936F3A /* SunCalc */ = {
			isa = XCSwiftPackageProductDependency;
			package = CE1EB9782CAA2E3900936F3A /* XCRemoteSwiftPackageReference "SunCalc" */;
			productName = SunCalc;
		};
		CE3A50492BF2FFCF00CD1DD2 /* SnackBar */ = {
			isa = XCSwiftPackageProductDependency;
			package = CE3A50482BF2FFCF00CD1DD2 /* XCRemoteSwiftPackageReference "SnackBar" */;
			productName = SnackBar;
		};
		CE3C5B412DA4E684003AD67D /* SwiftUISnackbar */ = {
			isa = XCSwiftPackageProductDependency;
			package = CE3C5B402DA4E684003AD67D /* XCRemoteSwiftPackageReference "SwiftUISnackbar" */;
			productName = SwiftUISnackbar;
		};
		CE42BF022ED01D7400EBE921 /* SwiftUIScrollOffset */ = {
			isa = XCSwiftPackageProductDependency;
			package = CE42BF012ED01D7400EBE921 /* XCRemoteSwiftPackageReference "SwiftUIScrollOffset" */;
			productName = SwiftUIScrollOffset;
		};
		CE6309542B3BB5040020939B /* SwiftyJSON */ = {
			isa = XCSwiftPackageProductDependency;
			package = CE6309532B3BB5040020939B /* XCRemoteSwiftPackageReference "SwiftyJSON" */;
			productName = SwiftyJSON;
		};
		CE6F52522DC9A88700D3296A /* FrameUp */ = {
			isa = XCSwiftPackageProductDependency;
			package = CE6F52512DC9A88700D3296A /* XCRemoteSwiftPackageReference "FrameUp" */;
			productName = FrameUp;
		};
		CE7EEB5B2CAA641500FFCD0A /* KosherSwift */ = {
			isa = XCSwiftPackageProductDependency;
			package = CE7EEB5A2CAA641500FFCD0A /* XCRemoteSwiftPackageReference "KosherSwift" */;
			productName = KosherSwift;
		};
		CE7EEB5D2CAA642000FFCD0A /* KosherSwift */ = {
			isa = XCSwiftPackageProductDependency;
			package = CE7EEB5A2CAA641500FFCD0A /* XCRemoteSwiftPackageReference "KosherSwift" */;
			productName = KosherSwift;
		};
		CE7EEB5F2CAA642C00FFCD0A /* KosherSwift */ = {
			isa = XCSwiftPackageProductDependency;
			package = CE7EEB5A2CAA641500FFCD0A /* XCRemoteSwiftPackageReference "KosherSwift" */;
			productName = KosherSwift;
		};
		CE97D7C62D4CAB7000C019AA /* SunCalc */ = {
			isa = XCSwiftPackageProductDependency;
			productName = SunCalc;
		};
/* End XCSwiftPackageProductDependency section */
	};
	rootObject = 5D19D35529A3687900F8033D /* Project object */;
}
