{
  "originHash" : "44be99251b40511fccf2abf0798d6e793de4d685852b89572a2d5921cb2bc377",
  "pins" : [
    {
      "identity" : "kosherswift",
      "kind" : "remoteSourceControl",
      "location" : "https://github.com/Elyahu41/KosherSwift",
      "state" : {
        "revision" : "bfe64d8bbcafbc5f4810ec3c178aeb5b1a48bab8",
        "version" : "1.0.8"
      }
    },
    {
      "identity" : "swiftsoup",
      "kind" : "remoteSourceControl",
      "location" : "https://github.com/scinfu/SwiftSoup.git",
      "state" : {
        "revision" : "028487d4a8a291b2fe1b4392b5425b6172056148",
        "version" : "2.7.2"
      }
    },
    {
      "identity" : "swiftyjson",
      "kind" : "remoteSourceControl",
      "location" : "https://github.com/SwiftyJSON/SwiftyJSON.git",
      "state" : {
        "revision" : "af76cf3ef710b6ca5f8c05f3a31307d44a3c5828",
        "version" : "5.0.2"
      }
    }
  ],
  "version" : 3
}
