{
  "pins" : [
    {
      "identity" : "kosherswift",
      "kind" : "remoteSourceControl",
      "location" : "https://github.com/Elyahu41/KosherSwift",
      "state" : {
        "revision" : "06104ea70d4eb61d51cc33091d160abc3e416aae",
        "version" : "1.0.5"
      }
    },
    {
      "identity" : "swiftsoup",
      "kind" : "remoteSourceControl",
      "location" : "https://github.com/scinfu/SwiftSoup.git",
      "state" : {
        "revision" : "f83c097597094a04124eb6e0d1e894d24129af87",
        "version" : "2.7.0"
      }
    },
    {
      "identity" : "swiftyjson",
      "kind" : "remoteSourceControl",
      "location" : "https://github.com/SwiftyJSON/SwiftyJSON.git",
      "state" : {
        "revision" : "b3dcd7dbd0d488e1a7077cb33b00f2083e382f07",
        "version" : "5.0.1"
      }
    }
  ],
  "version" : 2
}
